// !$*UTF8*$!
{
	archiveVersion = 1;
	classes = {
	};
	objectVersion = 51;
	objects = {

/* Begin PBXBuildFile section */
		2C9C985A3A10DEE5A521F621 /* Pods_kadai06_kadai06UITests.framework in Frameworks */ = {isa = PBXBuildFile; fileRef = 1A8F7E15004DA1C2BE6F9B19 /* Pods_kadai06_kadai06UITests.framework */; };
		AFABB0649F5BC10F8F5B143C /* Pods_kadai06Tests.framework in Frameworks */ = {isa = PBXBuildFile; fileRef = 686A5BFF73A3B9A786AE5F2F /* Pods_kadai06Tests.framework */; };
		FAF4E30C3E77EF0A4D4FD346 /* Pods_kadai06.framework in Frameworks */ = {isa = PBXBuildFile; fileRef = D25E5A0BEF9BA6C287FB46A5 /* Pods_kadai06.framework */; };
		FFAC5CD624EB95430018D36B /* AppDelegate.swift in Sources */ = {isa = PBXBuildFile; fileRef = FFAC5CD524EB95430018D36B /* AppDelegate.swift */; };
		FFAC5CD824EB95430018D36B /* SceneDelegate.swift in Sources */ = {isa = PBXBuildFile; fileRef = FFAC5CD724EB95430018D36B /* SceneDelegate.swift */; };
		FFAC5CDA24EB95430018D36B /* ViewController.swift in Sources */ = {isa = PBXBuildFile; fileRef = FFAC5CD924EB95430018D36B /* ViewController.swift */; };
		FFAC5CDD24EB95430018D36B /* Main.storyboard in Resources */ = {isa = PBXBuildFile; fileRef = FFAC5CDB24EB95430018D36B /* Main.storyboard */; };
		FFAC5CDF24EB95430018D36B /* Assets.xcassets in Resources */ = {isa = PBXBuildFile; fileRef = FFAC5CDE24EB95430018D36B /* Assets.xcassets */; };
		FFAC5CE224EB95430018D36B /* LaunchScreen.storyboard in Resources */ = {isa = PBXBuildFile; fileRef = FFAC5CE024EB95430018D36B /* LaunchScreen.storyboard */; };
		FFAC5CED24EB95430018D36B /* kadai06Tests.swift in Sources */ = {isa = PBXBuildFile; fileRef = FFAC5CEC24EB95430018D36B /* kadai06Tests.swift */; };
		FFAC5CF824EB95430018D36B /* kadai06UITests.swift in Sources */ = {isa = PBXBuildFile; fileRef = FFAC5CF724EB95430018D36B /* kadai06UITests.swift */; };
/* End PBXBuildFile section */

/* Begin PBXContainerItemProxy section */
		FFAC5CE924EB95430018D36B /* PBXContainerItemProxy */ = {
			isa = PBXContainerItemProxy;
			containerPortal = FFAC5CCA24EB95430018D36B /* Project object */;
			proxyType = 1;
			remoteGlobalIDString = FFAC5CD124EB95430018D36B;
			remoteInfo = kadai06;
		};
		FFAC5CF424EB95430018D36B /* PBXContainerItemProxy */ = {
			isa = PBXContainerItemProxy;
			containerPortal = FFAC5CCA24EB95430018D36B /* Project object */;
			proxyType = 1;
			remoteGlobalIDString = FFAC5CD124EB95430018D36B;
			remoteInfo = kadai06;
		};
/* End PBXContainerItemProxy section */

/* Begin PBXFileReference section */
		1A8F7E15004DA1C2BE6F9B19 /* Pods_kadai06_kadai06UITests.framework */ = {isa = PBXFileReference; explicitFileType = wrapper.framework; includeInIndex = 0; path = Pods_kadai06_kadai06UITests.framework; sourceTree = BUILT_PRODUCTS_DIR; };
		686A5BFF73A3B9A786AE5F2F /* Pods_kadai06Tests.framework */ = {isa = PBXFileReference; explicitFileType = wrapper.framework; includeInIndex = 0; path = Pods_kadai06Tests.framework; sourceTree = BUILT_PRODUCTS_DIR; };
		88F83BA891BD2542C2ADE4E0 /* Pods-kadai06Tests.debug.xcconfig */ = {isa = PBXFileReference; includeInIndex = 1; lastKnownFileType = text.xcconfig; name = "Pods-kadai06Tests.debug.xcconfig"; path = "Target Support Files/Pods-kadai06Tests/Pods-kadai06Tests.debug.xcconfig"; sourceTree = "<group>"; };
		B6299F39844C368B8845DD2B /* Pods-kadai06.release.xcconfig */ = {isa = PBXFileReference; includeInIndex = 1; lastKnownFileType = text.xcconfig; name = "Pods-kadai06.release.xcconfig"; path = "Target Support Files/Pods-kadai06/Pods-kadai06.release.xcconfig"; sourceTree = "<group>"; };
		B8FBE0C46B346779939247F4 /* Pods-kadai06.debug.xcconfig */ = {isa = PBXFileReference; includeInIndex = 1; lastKnownFileType = text.xcconfig; name = "Pods-kadai06.debug.xcconfig"; path = "Target Support Files/Pods-kadai06/Pods-kadai06.debug.xcconfig"; sourceTree = "<group>"; };
		C8E1FF44F539AA4BB7030BDD /* Pods-kadai06-kadai06UITests.release.xcconfig */ = {isa = PBXFileReference; includeInIndex = 1; lastKnownFileType = text.xcconfig; name = "Pods-kadai06-kadai06UITests.release.xcconfig"; path = "Target Support Files/Pods-kadai06-kadai06UITests/Pods-kadai06-kadai06UITests.release.xcconfig"; sourceTree = "<group>"; };
		D25E5A0BEF9BA6C287FB46A5 /* Pods_kadai06.framework */ = {isa = PBXFileReference; explicitFileType = wrapper.framework; includeInIndex = 0; path = Pods_kadai06.framework; sourceTree = BUILT_PRODUCTS_DIR; };
		EAE230B597C385924967793B /* Pods-kadai06-kadai06UITests.debug.xcconfig */ = {isa = PBXFileReference; includeInIndex = 1; lastKnownFileType = text.xcconfig; name = "Pods-kadai06-kadai06UITests.debug.xcconfig"; path = "Target Support Files/Pods-kadai06-kadai06UITests/Pods-kadai06-kadai06UITests.debug.xcconfig"; sourceTree = "<group>"; };
		EB2BB5331B685AA83234C61A /* Pods-kadai06Tests.release.xcconfig */ = {isa = PBXFileReference; includeInIndex = 1; lastKnownFileType = text.xcconfig; name = "Pods-kadai06Tests.release.xcconfig"; path = "Target Support Files/Pods-kadai06Tests/Pods-kadai06Tests.release.xcconfig"; sourceTree = "<group>"; };
		FFAC5CD224EB95430018D36B /* kadai06.app */ = {isa = PBXFileReference; explicitFileType = wrapper.application; includeInIndex = 0; path = kadai06.app; sourceTree = BUILT_PRODUCTS_DIR; };
		FFAC5CD524EB95430018D36B /* AppDelegate.swift */ = {isa = PBXFileReference; lastKnownFileType = sourcecode.swift; path = AppDelegate.swift; sourceTree = "<group>"; };
		FFAC5CD724EB95430018D36B /* SceneDelegate.swift */ = {isa = PBXFileReference; lastKnownFileType = sourcecode.swift; path = SceneDelegate.swift; sourceTree = "<group>"; };
		FFAC5CD924EB95430018D36B /* ViewController.swift */ = {isa = PBXFileReference; lastKnownFileType = sourcecode.swift; path = ViewController.swift; sourceTree = "<group>"; };
		FFAC5CDC24EB95430018D36B /* Base */ = {isa = PBXFileReference; lastKnownFileType = file.storyboard; name = Base; path = Base.lproj/Main.storyboard; sourceTree = "<group>"; };
		FFAC5CDE24EB95430018D36B /* Assets.xcassets */ = {isa = PBXFileReference; lastKnownFileType = folder.assetcatalog; path = Assets.xcassets; sourceTree = "<group>"; };
		FFAC5CE124EB95430018D36B /* Base */ = {isa = PBXFileReference; lastKnownFileType = file.storyboard; name = Base; path = Base.lproj/LaunchScreen.storyboard; sourceTree = "<group>"; };
		FFAC5CE324EB95430018D36B /* Info.plist */ = {isa = PBXFileReference; lastKnownFileType = text.plist.xml; path = Info.plist; sourceTree = "<group>"; };
		FFAC5CE824EB95430018D36B /* kadai06Tests.xctest */ = {isa = PBXFileReference; explicitFileType = wrapper.cfbundle; includeInIndex = 0; path = kadai06Tests.xctest; sourceTree = BUILT_PRODUCTS_DIR; };
		FFAC5CEC24EB95430018D36B /* kadai06Tests.swift */ = {isa = PBXFileReference; lastKnownFileType = sourcecode.swift; path = kadai06Tests.swift; sourceTree = "<group>"; };
		FFAC5CEE24EB95430018D36B /* Info.plist */ = {isa = PBXFileReference; lastKnownFileType = text.plist.xml; path = Info.plist; sourceTree = "<group>"; };
		FFAC5CF324EB95430018D36B /* kadai06UITests.xctest */ = {isa = PBXFileReference; explicitFileType = wrapper.cfbundle; includeInIndex = 0; path = kadai06UITests.xctest; sourceTree = BUILT_PRODUCTS_DIR; };
		FFAC5CF724EB95430018D36B /* kadai06UITests.swift */ = {isa = PBXFileReference; lastKnownFileType = sourcecode.swift; path = kadai06UITests.swift; sourceTree = "<group>"; };
		FFAC5CF924EB95430018D36B /* Info.plist */ = {isa = PBXFileReference; lastKnownFileType = text.plist.xml; path = Info.plist; sourceTree = "<group>"; };
/* End PBXFileReference section */

/* Begin PBXFrameworksBuildPhase section */
		FFAC5CCF24EB95430018D36B /* Frameworks */ = {
			isa = PBXFrameworksBuildPhase;
			buildActionMask = 2147483647;
			files = (
				FAF4E30C3E77EF0A4D4FD346 /* Pods_kadai06.framework in Frameworks */,
			);
			runOnlyForDeploymentPostprocessing = 0;
		};
		FFAC5CE524EB95430018D36B /* Frameworks */ = {
			isa = PBXFrameworksBuildPhase;
			buildActionMask = 2147483647;
			files = (
				AFABB0649F5BC10F8F5B143C /* Pods_kadai06Tests.framework in Frameworks */,
			);
			runOnlyForDeploymentPostprocessing = 0;
		};
		FFAC5CF024EB95430018D36B /* Frameworks */ = {
			isa = PBXFrameworksBuildPhase;
			buildActionMask = 2147483647;
			files = (
				2C9C985A3A10DEE5A521F621 /* Pods_kadai06_kadai06UITests.framework in Frameworks */,
			);
			runOnlyForDeploymentPostprocessing = 0;
		};
/* End PBXFrameworksBuildPhase section */

/* Begin PBXGroup section */
		53F2D9C52AF8BF7593623C99 /* Frameworks */ = {
			isa = PBXGroup;
			children = (
				D25E5A0BEF9BA6C287FB46A5 /* Pods_kadai06.framework */,
				1A8F7E15004DA1C2BE6F9B19 /* Pods_kadai06_kadai06UITests.framework */,
				686A5BFF73A3B9A786AE5F2F /* Pods_kadai06Tests.framework */,
			);
			name = Frameworks;
			sourceTree = "<group>";
		};
		EBDB2BB725855491C1CC719A /* Pods */ = {
			isa = PBXGroup;
			children = (
				B8FBE0C46B346779939247F4 /* Pods-kadai06.debug.xcconfig */,
				B6299F39844C368B8845DD2B /* Pods-kadai06.release.xcconfig */,
				EAE230B597C385924967793B /* Pods-kadai06-kadai06UITests.debug.xcconfig */,
				C8E1FF44F539AA4BB7030BDD /* Pods-kadai06-kadai06UITests.release.xcconfig */,
				88F83BA891BD2542C2ADE4E0 /* Pods-kadai06Tests.debug.xcconfig */,
				EB2BB5331B685AA83234C61A /* Pods-kadai06Tests.release.xcconfig */,
			);
			path = Pods;
			sourceTree = "<group>";
		};
		FFAC5CC924EB95430018D36B = {
			isa = PBXGroup;
			children = (
				FFAC5CD424EB95430018D36B /* kadai06 */,
				FFAC5CEB24EB95430018D36B /* kadai06Tests */,
				FFAC5CF624EB95430018D36B /* kadai06UITests */,
				FFAC5CD324EB95430018D36B /* Products */,
				EBDB2BB725855491C1CC719A /* Pods */,
				53F2D9C52AF8BF7593623C99 /* Frameworks */,
			);
			sourceTree = "<group>";
		};
		FFAC5CD324EB95430018D36B /* Products */ = {
			isa = PBXGroup;
			children = (
				FFAC5CD224EB95430018D36B /* kadai06.app */,
				FFAC5CE824EB95430018D36B /* kadai06Tests.xctest */,
				FFAC5CF324EB95430018D36B /* kadai06UITests.xctest */,
			);
			name = Products;
			sourceTree = "<group>";
		};
		FFAC5CD424EB95430018D36B /* kadai06 */ = {
			isa = PBXGroup;
			children = (
				FFAC5CD524EB95430018D36B /* AppDelegate.swift */,
				FFAC5CD724EB95430018D36B /* SceneDelegate.swift */,
				FFAC5CD924EB95430018D36B /* ViewController.swift */,
				FFAC5CDB24EB95430018D36B /* Main.storyboard */,
				FFAC5CDE24EB95430018D36B /* Assets.xcassets */,
				FFAC5CE024EB95430018D36B /* LaunchScreen.storyboard */,
				FFAC5CE324EB95430018D36B /* Info.plist */,
			);
			path = kadai06;
			sourceTree = "<group>";
		};
		FFAC5CEB24EB95430018D36B /* kadai06Tests */ = {
			isa = PBXGroup;
			children = (
				FFAC5CEC24EB95430018D36B /* kadai06Tests.swift */,
				FFAC5CEE24EB95430018D36B /* Info.plist */,
			);
			path = kadai06Tests;
			sourceTree = "<group>";
		};
		FFAC5CF624EB95430018D36B /* kadai06UITests */ = {
			isa = PBXGroup;
			children = (
				FFAC5CF724EB95430018D36B /* kadai06UITests.swift */,
				FFAC5CF924EB95430018D36B /* Info.plist */,
			);
			path = kadai06UITests;
			sourceTree = "<group>";
		};
/* End PBXGroup section */

/* Begin PBXNativeTarget section */
		FFAC5CD124EB95430018D36B /* kadai06 */ = {
			isa = PBXNativeTarget;
			buildConfigurationList = FFAC5CFC24EB95430018D36B /* Build configuration list for PBXNativeTarget "kadai06" */;
			buildPhases = (
				CB76384632C947D66881E3BB /* [CP] Check Pods Manifest.lock */,
				FFAC5CCE24EB95430018D36B /* Sources */,
				FFAC5CCF24EB95430018D36B /* Frameworks */,
				FFAC5CD024EB95430018D36B /* Resources */,
				C4E7582FB2F72AD58B77D8DF /* [CP] Embed Pods Frameworks */,
			);
			buildRules = (
			);
			dependencies = (
			);
			name = kadai06;
			productName = kadai06;
			productReference = FFAC5CD224EB95430018D36B /* kadai06.app */;
			productType = "com.apple.product-type.application";
		};
		FFAC5CE724EB95430018D36B /* kadai06Tests */ = {
			isa = PBXNativeTarget;
			buildConfigurationList = FFAC5CFF24EB95430018D36B /* Build configuration list for PBXNativeTarget "kadai06Tests" */;
			buildPhases = (
				FE6727F33727E435BEBA9641 /* [CP] Check Pods Manifest.lock */,
				FFAC5CE424EB95430018D36B /* Sources */,
				FFAC5CE524EB95430018D36B /* Frameworks */,
				FFAC5CE624EB95430018D36B /* Resources */,
			);
			buildRules = (
			);
			dependencies = (
				FFAC5CEA24EB95430018D36B /* PBXTargetDependency */,
			);
			name = kadai06Tests;
			productName = kadai06Tests;
			productReference = FFAC5CE824EB95430018D36B /* kadai06Tests.xctest */;
			productType = "com.apple.product-type.bundle.unit-test";
		};
		FFAC5CF224EB95430018D36B /* kadai06UITests */ = {
			isa = PBXNativeTarget;
			buildConfigurationList = FFAC5D0224EB95430018D36B /* Build configuration list for PBXNativeTarget "kadai06UITests" */;
			buildPhases = (
				AF3E3C1B2982305B44943D89 /* [CP] Check Pods Manifest.lock */,
				FFAC5CEF24EB95430018D36B /* Sources */,
				FFAC5CF024EB95430018D36B /* Frameworks */,
				FFAC5CF124EB95430018D36B /* Resources */,
				7871DE759A387D7C8CF2EAE1 /* [CP] Embed Pods Frameworks */,
			);
			buildRules = (
			);
			dependencies = (
				FFAC5CF524EB95430018D36B /* PBXTargetDependency */,
			);
			name = kadai06UITests;
			productName = kadai06UITests;
			productReference = FFAC5CF324EB95430018D36B /* kadai06UITests.xctest */;
			productType = "com.apple.product-type.bundle.ui-testing";
		};
/* End PBXNativeTarget section */

/* Begin PBXProject section */
		FFAC5CCA24EB95430018D36B /* Project object */ = {
			isa = PBXProject;
			attributes = {
				LastSwiftUpdateCheck = 1160;
				LastUpgradeCheck = 1160;
				ORGANIZATIONNAME = "shinonome, inc.";
				TargetAttributes = {
					FFAC5CD124EB95430018D36B = {
						CreatedOnToolsVersion = 11.6;
					};
					FFAC5CE724EB95430018D36B = {
						CreatedOnToolsVersion = 11.6;
						TestTargetID = FFAC5CD124EB95430018D36B;
					};
					FFAC5CF224EB95430018D36B = {
						CreatedOnToolsVersion = 11.6;
						TestTargetID = FFAC5CD124EB95430018D36B;
					};
				};
			};
			buildConfigurationList = FFAC5CCD24EB95430018D36B /* Build configuration list for PBXProject "kadai06" */;
			compatibilityVersion = "Xcode 9.3";
			developmentRegion = en;
			hasScannedForEncodings = 0;
			knownRegions = (
				en,
				Base,
			);
			mainGroup = FFAC5CC924EB95430018D36B;
			productRefGroup = FFAC5CD324EB95430018D36B /* Products */;
			projectDirPath = "";
			projectRoot = "";
			targets = (
				FFAC5CD124EB95430018D36B /* kadai06 */,
				FFAC5CE724EB95430018D36B /* kadai06Tests */,
				FFAC5CF224EB95430018D36B /* kadai06UITests */,
			);
		};
/* End PBXProject section */

/* Begin PBXResourcesBuildPhase section */
		FFAC5CD024EB95430018D36B /* Resources */ = {
			isa = PBXResourcesBuildPhase;
			buildActionMask = 2147483647;
			files = (
				FFAC5CE224EB95430018D36B /* LaunchScreen.storyboard in Resources */,
				FFAC5CDF24EB95430018D36B /* Assets.xcassets in Resources */,
				FFAC5CDD24EB95430018D36B /* Main.storyboard in Resources */,
			);
			runOnlyForDeploymentPostprocessing = 0;
		};
		FFAC5CE624EB95430018D36B /* Resources */ = {
			isa = PBXResourcesBuildPhase;
			buildActionMask = 2147483647;
			files = (
			);
			runOnlyForDeploymentPostprocessing = 0;
		};
		FFAC5CF124EB95430018D36B /* Resources */ = {
			isa = PBXResourcesBuildPhase;
			buildActionMask = 2147483647;
			files = (
			);
			runOnlyForDeploymentPostprocessing = 0;
		};
/* End PBXResourcesBuildPhase section */

/* Begin PBXShellScriptBuildPhase section */
		7871DE759A387D7C8CF2EAE1 /* [CP] Embed Pods Frameworks */ = {
			isa = PBXShellScriptBuildPhase;
			buildActionMask = 2147483647;
			files = (
			);
			inputFileListPaths = (
				"${PODS_ROOT}/Target Support Files/Pods-kadai06-kadai06UITests/Pods-kadai06-kadai06UITests-frameworks-${CONFIGURATION}-input-files.xcfilelist",
			);
			name = "[CP] Embed Pods Frameworks";
			outputFileListPaths = (
				"${PODS_ROOT}/Target Support Files/Pods-kadai06-kadai06UITests/Pods-kadai06-kadai06UITests-frameworks-${CONFIGURATION}-output-files.xcfilelist",
			);
			runOnlyForDeploymentPostprocessing = 0;
			shellPath = /bin/sh;
			shellScript = "\"${PODS_ROOT}/Target Support Files/Pods-kadai06-kadai06UITests/Pods-kadai06-kadai06UITests-frameworks.sh\"\n";
			showEnvVarsInLog = 0;
		};
		AF3E3C1B2982305B44943D89 /* [CP] Check Pods Manifest.lock */ = {
			isa = PBXShellScriptBuildPhase;
			buildActionMask = 2147483647;
			files = (
			);
			inputFileListPaths = (
			);
			inputPaths = (
				"${PODS_PODFILE_DIR_PATH}/Podfile.lock",
				"${PODS_ROOT}/Manifest.lock",
			);
			name = "[CP] Check Pods Manifest.lock";
			outputFileListPaths = (
			);
			outputPaths = (
				"$(DERIVED_FILE_DIR)/Pods-kadai06-kadai06UITests-checkManifestLockResult.txt",
			);
			runOnlyForDeploymentPostprocessing = 0;
			shellPath = /bin/sh;
			shellScript = "diff \"${PODS_PODFILE_DIR_PATH}/Podfile.lock\" \"${PODS_ROOT}/Manifest.lock\" > /dev/null\nif [ $? != 0 ] ; then\n    # print error to STDERR\n    echo \"error: The sandbox is not in sync with the Podfile.lock. Run 'pod install' or update your CocoaPods installation.\" >&2\n    exit 1\nfi\n# This output is used by Xcode 'outputs' to avoid re-running this script phase.\necho \"SUCCESS\" > \"${SCRIPT_OUTPUT_FILE_0}\"\n";
			showEnvVarsInLog = 0;
		};
		C4E7582FB2F72AD58B77D8DF /* [CP] Embed Pods Frameworks */ = {
			isa = PBXShellScriptBuildPhase;
			buildActionMask = 2147483647;
			files = (
			);
			inputFileListPaths = (
				"${PODS_ROOT}/Target Support Files/Pods-kadai06/Pods-kadai06-frameworks-${CONFIGURATION}-input-files.xcfilelist",
			);
			name = "[CP] Embed Pods Frameworks";
			outputFileListPaths = (
				"${PODS_ROOT}/Target Support Files/Pods-kadai06/Pods-kadai06-frameworks-${CONFIGURATION}-output-files.xcfilelist",
			);
			runOnlyForDeploymentPostprocessing = 0;
			shellPath = /bin/sh;
			shellScript = "\"${PODS_ROOT}/Target Support Files/Pods-kadai06/Pods-kadai06-frameworks.sh\"\n";
			showEnvVarsInLog = 0;
		};
		CB76384632C947D66881E3BB /* [CP] Check Pods Manifest.lock */ = {
			isa = PBXShellScriptBuildPhase;
			buildActionMask = 2147483647;
			files = (
			);
			inputFileListPaths = (
			);
			inputPaths = (
				"${PODS_PODFILE_DIR_PATH}/Podfile.lock",
				"${PODS_ROOT}/Manifest.lock",
			);
			name = "[CP] Check Pods Manifest.lock";
			outputFileListPaths = (
			);
			outputPaths = (
				"$(DERIVED_FILE_DIR)/Pods-kadai06-checkManifestLockResult.txt",
			);
			runOnlyForDeploymentPostprocessing = 0;
			shellPath = /bin/sh;
			shellScript = "diff \"${PODS_PODFILE_DIR_PATH}/Podfile.lock\" \"${PODS_ROOT}/Manifest.lock\" > /dev/null\nif [ $? != 0 ] ; then\n    # print error to STDERR\n    echo \"error: The sandbox is not in sync with the Podfile.lock. Run 'pod install' or update your CocoaPods installation.\" >&2\n    exit 1\nfi\n# This output is used by Xcode 'outputs' to avoid re-running this script phase.\necho \"SUCCESS\" > \"${SCRIPT_OUTPUT_FILE_0}\"\n";
			showEnvVarsInLog = 0;
		};
		FE6727F33727E435BEBA9641 /* [CP] Check Pods Manifest.lock */ = {
			isa = PBXShellScriptBuildPhase;
			buildActionMask = 2147483647;
			files = (
			);
			inputFileListPaths = (
			);
			inputPaths = (
				"${PODS_PODFILE_DIR_PATH}/Podfile.lock",
				"${PODS_ROOT}/Manifest.lock",
			);
			name = "[CP] Check Pods Manifest.lock";
			outputFileListPaths = (
			);
			outputPaths = (
				"$(DERIVED_FILE_DIR)/Pods-kadai06Tests-checkManifestLockResult.txt",
			);
			runOnlyForDeploymentPostprocessing = 0;
			shellPath = /bin/sh;
			shellScript = "diff \"${PODS_PODFILE_DIR_PATH}/Podfile.lock\" \"${PODS_ROOT}/Manifest.lock\" > /dev/null\nif [ $? != 0 ] ; then\n    # print error to STDERR\n    echo \"error: The sandbox is not in sync with the Podfile.lock. Run 'pod install' or update your CocoaPods installation.\" >&2\n    exit 1\nfi\n# This output is used by Xcode 'outputs' to avoid re-running this script phase.\necho \"SUCCESS\" > \"${SCRIPT_OUTPUT_FILE_0}\"\n";
			showEnvVarsInLog = 0;
		};
/* End PBXShellScriptBuildPhase section */

/* Begin PBXSourcesBuildPhase section */
		FFAC5CCE24EB95430018D36B /* Sources */ = {
			isa = PBXSourcesBuildPhase;
			buildActionMask = 2147483647;
			files = (
				FFAC5CDA24EB95430018D36B /* ViewController.swift in Sources */,
				FFAC5CD624EB95430018D36B /* AppDelegate.swift in Sources */,
				FFAC5CD824EB95430018D36B /* SceneDelegate.swift in Sources */,
			);
			runOnlyForDeploymentPostprocessing = 0;
		};
		FFAC5CE424EB95430018D36B /* Sources */ = {
			isa = PBXSourcesBuildPhase;
			buildActionMask = 2147483647;
			files = (
				FFAC5CED24EB95430018D36B /* kadai06Tests.swift in Sources */,
			);
			runOnlyForDeploymentPostprocessing = 0;
		};
		FFAC5CEF24EB95430018D36B /* Sources */ = {
			isa = PBXSourcesBuildPhase;
			buildActionMask = 2147483647;
			files = (
				FFAC5CF824EB95430018D36B /* kadai06UITests.swift in Sources */,
			);
			runOnlyForDeploymentPostprocessing = 0;
		};
/* End PBXSourcesBuildPhase section */

/* Begin PBXTargetDependency section */
		FFAC5CEA24EB95430018D36B /* PBXTargetDependency */ = {
			isa = PBXTargetDependency;
			target = FFAC5CD124EB95430018D36B /* kadai06 */;
			targetProxy = FFAC5CE924EB95430018D36B /* PBXContainerItemProxy */;
		};
		FFAC5CF524EB95430018D36B /* PBXTargetDependency */ = {
			isa = PBXTargetDependency;
			target = FFAC5CD124EB95430018D36B /* kadai06 */;
			targetProxy = FFAC5CF424EB95430018D36B /* PBXContainerItemProxy */;
		};
/* End PBXTargetDependency section */

/* Begin PBXVariantGroup section */
		FFAC5CDB24EB95430018D36B /* Main.storyboard */ = {
			isa = PBXVariantGroup;
			children = (
				FFAC5CDC24EB95430018D36B /* Base */,
			);
			name = Main.storyboard;
			sourceTree = "<group>";
		};
		FFAC5CE024EB95430018D36B /* LaunchScreen.storyboard */ = {
			isa = PBXVariantGroup;
			children = (
				FFAC5CE124EB95430018D36B /* Base */,
			);
			name = LaunchScreen.storyboard;
			sourceTree = "<group>";
		};
/* End PBXVariantGroup section */

/* Begin XCBuildConfiguration section */
		FFAC5CFA24EB95430018D36B /* Debug */ = {
			isa = XCBuildConfiguration;
			buildSettings = {
				ALWAYS_SEARCH_USER_PATHS = NO;
				CLANG_ANALYZER_NONNULL = YES;
				CLANG_ANALYZER_NUMBER_OBJECT_CONVERSION = YES_AGGRESSIVE;
				CLANG_CXX_LANGUAGE_STANDARD = "gnu++14";
				CLANG_CXX_LIBRARY = "libc++";
				CLANG_ENABLE_MODULES = YES;
				CLANG_ENABLE_OBJC_ARC = YES;
				CLANG_ENABLE_OBJC_WEAK = YES;
				CLANG_WARN_BLOCK_CAPTURE_AUTORELEASING = YES;
				CLANG_WARN_BOOL_CONVERSION = YES;
				CLANG_WARN_COMMA = YES;
				CLANG_WARN_CONSTANT_CONVERSION = YES;
				CLANG_WARN_DEPRECATED_OBJC_IMPLEMENTATIONS = YES;
				CLANG_WARN_DIRECT_OBJC_ISA_USAGE = YES_ERROR;
				CLANG_WARN_DOCUMENTATION_COMMENTS = YES;
				CLANG_WARN_EMPTY_BODY = YES;
				CLANG_WARN_ENUM_CONVERSION = YES;
				CLANG_WARN_INFINITE_RECURSION = YES;
				CLANG_WARN_INT_CONVERSION = YES;
				CLANG_WARN_NON_LITERAL_NULL_CONVERSION = YES;
				CLANG_WARN_OBJC_IMPLICIT_RETAIN_SELF = YES;
				CLANG_WARN_OBJC_LITERAL_CONVERSION = YES;
				CLANG_WARN_OBJC_ROOT_CLASS = YES_ERROR;
				CLANG_WARN_RANGE_LOOP_ANALYSIS = YES;
				CLANG_WARN_STRICT_PROTOTYPES = YES;
				CLANG_WARN_SUSPICIOUS_MOVE = YES;
				CLANG_WARN_UNGUARDED_AVAILABILITY = YES_AGGRESSIVE;
				CLANG_WARN_UNREACHABLE_CODE = YES;
				CLANG_WARN__DUPLICATE_METHOD_MATCH = YES;
				COPY_PHASE_STRIP = NO;
				DEBUG_INFORMATION_FORMAT = dwarf;
				ENABLE_STRICT_OBJC_MSGSEND = YES;
				ENABLE_TESTABILITY = YES;
				GCC_C_LANGUAGE_STANDARD = gnu11;
				GCC_DYNAMIC_NO_PIC = NO;
				GCC_NO_COMMON_BLOCKS = YES;
				GCC_OPTIMIZATION_LEVEL = 0;
				GCC_PREPROCESSOR_DEFINITIONS = (
					"DEBUG=1",
					"$(inherited)",
				);
				GCC_WARN_64_TO_32_BIT_CONVERSION = YES;
				GCC_WARN_ABOUT_RETURN_TYPE = YES_ERROR;
				GCC_WARN_UNDECLARED_SELECTOR = YES;
				GCC_WARN_UNINITIALIZED_AUTOS = YES_AGGRESSIVE;
				GCC_WARN_UNUSED_FUNCTION = YES;
				GCC_WARN_UNUSED_VARIABLE = YES;
				IPHONEOS_DEPLOYMENT_TARGET = 13.6;
				MTL_ENABLE_DEBUG_INFO = INCLUDE_SOURCE;
				MTL_FAST_MATH = YES;
				ONLY_ACTIVE_ARCH = YES;
				SDKROOT = iphoneos;
				SWIFT_ACTIVE_COMPILATION_CONDITIONS = DEBUG;
				SWIFT_OPTIMIZATION_LEVEL = "-Onone";
			};
			name = Debug;
		};
		FFAC5CFB24EB95430018D36B /* Release */ = {
			isa = XCBuildConfiguration;
			buildSettings = {
				ALWAYS_SEARCH_USER_PATHS = NO;
				CLANG_ANALYZER_NONNULL = YES;
				CLANG_ANALYZER_NUMBER_OBJECT_CONVERSION = YES_AGGRESSIVE;
				CLANG_CXX_LANGUAGE_STANDARD = "gnu++14";
				CLANG_CXX_LIBRARY = "libc++";
				CLANG_ENABLE_MODULES = YES;
				CLANG_ENABLE_OBJC_ARC = YES;
				CLANG_ENABLE_OBJC_WEAK = YES;
				CLANG_WARN_BLOCK_CAPTURE_AUTORELEASING = YES;
				CLANG_WARN_BOOL_CONVERSION = YES;
				CLANG_WARN_COMMA = YES;
				CLANG_WARN_CONSTANT_CONVERSION = YES;
				CLANG_WARN_DEPRECATED_OBJC_IMPLEMENTATIONS = YES;
				CLANG_WARN_DIRECT_OBJC_ISA_USAGE = YES_ERROR;
				CLANG_WARN_DOCUMENTATION_COMMENTS = YES;
				CLANG_WARN_EMPTY_BODY = YES;
				CLANG_WARN_ENUM_CONVERSION = YES;
				CLANG_WARN_INFINITE_RECURSION = YES;
				CLANG_WARN_INT_CONVERSION = YES;
				CLANG_WARN_NON_LITERAL_NULL_CONVERSION = YES;
				CLANG_WARN_OBJC_IMPLICIT_RETAIN_SELF = YES;
				CLANG_WARN_OBJC_LITERAL_CONVERSION = YES;
				CLANG_WARN_OBJC_ROOT_CLASS = YES_ERROR;
				CLANG_WARN_RANGE_LOOP_ANALYSIS = YES;
				CLANG_WARN_STRICT_PROTOTYPES = YES;
				CLANG_WARN_SUSPICIOUS_MOVE = YES;
				CLANG_WARN_UNGUARDED_AVAILABILITY = YES_AGGRESSIVE;
				CLANG_WARN_UNREACHABLE_CODE = YES;
				CLANG_WARN__DUPLICATE_METHOD_MATCH = YES;
				COPY_PHASE_STRIP = NO;
				DEBUG_INFORMATION_FORMAT = "dwarf-with-dsym";
				ENABLE_NS_ASSERTIONS = NO;
				ENABLE_STRICT_OBJC_MSGSEND = YES;
				GCC_C_LANGUAGE_STANDARD = gnu11;
				GCC_NO_COMMON_BLOCKS = YES;
				GCC_WARN_64_TO_32_BIT_CONVERSION = YES;
				GCC_WARN_ABOUT_RETURN_TYPE = YES_ERROR;
				GCC_WARN_UNDECLARED_SELECTOR = YES;
				GCC_WARN_UNINITIALIZED_AUTOS = YES_AGGRESSIVE;
				GCC_WARN_UNUSED_FUNCTION = YES;
				GCC_WARN_UNUSED_VARIABLE = YES;
				IPHONEOS_DEPLOYMENT_TARGET = 13.6;
				MTL_ENABLE_DEBUG_INFO = NO;
				MTL_FAST_MATH = YES;
				SDKROOT = iphoneos;
				SWIFT_COMPILATION_MODE = wholemodule;
				SWIFT_OPTIMIZATION_LEVEL = "-O";
				VALIDATE_PRODUCT = YES;
			};
			name = Release;
		};
		FFAC5CFD24EB95430018D36B /* Debug */ = {
			isa = XCBuildConfiguration;
			baseConfigurationReference = B8FBE0C46B346779939247F4 /* Pods-kadai06.debug.xcconfig */;
			buildSettings = {
				ASSETCATALOG_COMPILER_APPICON_NAME = AppIcon;
				CODE_SIGN_STYLE = Automatic;
				DEVELOPMENT_TEAM = XP5D88GJTA;
				INFOPLIST_FILE = kadai06/Info.plist;
				LD_RUNPATH_SEARCH_PATHS = (
					"$(inherited)",
					"@executable_path/Frameworks",
				);
				PRODUCT_BUNDLE_IDENTIFIER = com.shinonome.playground.kadai06;
				PRODUCT_NAME = "$(TARGET_NAME)";
				SWIFT_VERSION = 5.0;
				TARGETED_DEVICE_FAMILY = "1,2";
			};
			name = Debug;
		};
		FFAC5CFE24EB95430018D36B /* Release */ = {
			isa = XCBuildConfiguration;
			baseConfigurationReference = B6299F39844C368B8845DD2B /* Pods-kadai06.release.xcconfig */;
			buildSettings = {
				ASSETCATALOG_COMPILER_APPICON_NAME = AppIcon;
				CODE_SIGN_STYLE = Automatic;
				DEVELOPMENT_TEAM = XP5D88GJTA;
				INFOPLIST_FILE = kadai06/Info.plist;
				LD_RUNPATH_SEARCH_PATHS = (
					"$(inherited)",
					"@executable_path/Frameworks",
				);
				PRODUCT_BUNDLE_IDENTIFIER = com.shinonome.playground.kadai06;
				PRODUCT_NAME = "$(TARGET_NAME)";
				SWIFT_VERSION = 5.0;
				TARGETED_DEVICE_FAMILY = "1,2";
			};
			name = Release;
		};
		FFAC5D0024EB95430018D36B /* Debug */ = {
			isa = XCBuildConfiguration;
			baseConfigurationReference = 88F83BA891BD2542C2ADE4E0 /* Pods-kadai06Tests.debug.xcconfig */;
			buildSettings = {
				ALWAYS_EMBED_SWIFT_STANDARD_LIBRARIES = YES;
				BUNDLE_LOADER = "$(TEST_HOST)";
				CODE_SIGN_STYLE = Automatic;
				INFOPLIST_FILE = kadai06Tests/Info.plist;
				IPHONEOS_DEPLOYMENT_TARGET = 13.6;
				LD_RUNPATH_SEARCH_PATHS = (
					"$(inherited)",
					"@executable_path/Frameworks",
					"@loader_path/Frameworks",
				);
				PRODUCT_BUNDLE_IDENTIFIER = com.shinonome.playground.kadai06Tests;
				PRODUCT_NAME = "$(TARGET_NAME)";
				SWIFT_VERSION = 5.0;
				TARGETED_DEVICE_FAMILY = "1,2";
				TEST_HOST = "$(BUILT_PRODUCTS_DIR)/kadai06.app/kadai06";
			};
			name = Debug;
		};
		FFAC5D0124EB95430018D36B /* Release */ = {
			isa = XCBuildConfiguration;
			baseConfigurationReference = EB2BB5331B685AA83234C61A /* Pods-kadai06Tests.release.xcconfig */;
			buildSettings = {
				ALWAYS_EMBED_SWIFT_STANDARD_LIBRARIES = YES;
				BUNDLE_LOADER = "$(TEST_HOST)";
				CODE_SIGN_STYLE = Automatic;
				INFOPLIST_FILE = kadai06Tests/Info.plist;
				IPHONEOS_DEPLOYMENT_TARGET = 13.6;
				LD_RUNPATH_SEARCH_PATHS = (
					"$(inherited)",
					"@executable_path/Frameworks",
					"@loader_path/Frameworks",
				);
				PRODUCT_BUNDLE_IDENTIFIER = com.shinonome.playground.kadai06Tests;
				PRODUCT_NAME = "$(TARGET_NAME)";
				SWIFT_VERSION = 5.0;
				TARGETED_DEVICE_FAMILY = "1,2";
				TEST_HOST = "$(BUILT_PRODUCTS_DIR)/kadai06.app/kadai06";
			};
			name = Release;
		};
		FFAC5D0324EB95430018D36B /* Debug */ = {
			isa = XCBuildConfiguration;
			baseConfigurationReference = EAE230B597C385924967793B /* Pods-kadai06-kadai06UITests.debug.xcconfig */;
			buildSettings = {
				ALWAYS_EMBED_SWIFT_STANDARD_LIBRARIES = YES;
				CODE_SIGN_STYLE = Automatic;
				INFOPLIST_FILE = kadai06UITests/Info.plist;
				LD_RUNPATH_SEARCH_PATHS = (
					"$(inherited)",
					"@executable_path/Frameworks",
					"@loader_path/Frameworks",
				);
				PRODUCT_BUNDLE_IDENTIFIER = com.shinonome.playground.kadai06UITests;
				PRODUCT_NAME = "$(TARGET_NAME)";
				SWIFT_VERSION = 5.0;
				TARGETED_DEVICE_FAMILY = "1,2";
				TEST_TARGET_NAME = kadai06;
			};
			name = Debug;
		};
		FFAC5D0424EB95430018D36B /* Release */ = {
			isa = XCBuildConfiguration;
			baseConfigurationReference = C8E1FF44F539AA4BB7030BDD /* Pods-kadai06-kadai06UITests.release.xcconfig */;
			buildSettings = {
				ALWAYS_EMBED_SWIFT_STANDARD_LIBRARIES = YES;
				CODE_SIGN_STYLE = Automatic;
				INFOPLIST_FILE = kadai06UITests/Info.plist;
				LD_RUNPATH_SEARCH_PATHS = (
					"$(inherited)",
					"@executable_path/Frameworks",
					"@loader_path/Frameworks",
				);
				PRODUCT_BUNDLE_IDENTIFIER = com.shinonome.playground.kadai06UITests;
				PRODUCT_NAME = "$(TARGET_NAME)";
				SWIFT_VERSION = 5.0;
				TARGETED_DEVICE_FAMILY = "1,2";
				TEST_TARGET_NAME = kadai06;
			};
			name = Release;
		};
/* End XCBuildConfiguration section */

/* Begin XCConfigurationList section */
		FFAC5CCD24EB95430018D36B /* Build configuration list for PBXProject "kadai06" */ = {
			isa = XCConfigurationList;
			buildConfigurations = (
				FFAC5CFA24EB95430018D36B /* Debug */,
				FFAC5CFB24EB95430018D36B /* Release */,
			);
			defaultConfigurationIsVisible = 0;
			defaultConfigurationName = Release;
		};
		FFAC5CFC24EB95430018D36B /* Build configuration list for PBXNativeTarget "kadai06" */ = {
			isa = XCConfigurationList;
			buildConfigurations = (
				FFAC5CFD24EB95430018D36B /* Debug */,
				FFAC5CFE24EB95430018D36B /* Release */,
			);
			defaultConfigurationIsVisible = 0;
			defaultConfigurationName = Release;
		};
		FFAC5CFF24EB95430018D36B /* Build configuration list for PBXNativeTarget "kadai06Tests" */ = {
			isa = XCConfigurationList;
			buildConfigurations = (
				FFAC5D0024EB95430018D36B /* Debug */,
				FFAC5D0124EB95430018D36B /* Release */,
			);
			defaultConfigurationIsVisible = 0;
			defaultConfigurationName = Release;
		};
		FFAC5D0224EB95430018D36B /* Build configuration list for PBXNativeTarget "kadai06UITests" */ = {
			isa = XCConfigurationList;
			buildConfigurations = (
				FFAC5D0324EB95430018D36B /* Debug */,
				FFAC5D0424EB95430018D36B /* Release */,
			);
			defaultConfigurationIsVisible = 0;
			defaultConfigurationName = Release;
		};
/* End XCConfigurationList section */
	};
	rootObject = FFAC5CCA24EB95430018D36B /* Project object */;
}
