// !$*UTF8*$!
{
	archiveVersion = 1;
	classes = {
	};
	objectVersion = 55;
	objects = {

/* Begin PBXBuildFile section */
		3B0DC89B27C45D4D00204351 /* QiitaArticle.swift in Sources */ = {isa = PBXBuildFile; fileRef = 3B0DC89A27C45D4D00204351 /* QiitaArticle.swift */; };
		3B0DC89D27C45D8800204351 /* QiitaUser.swift in Sources */ = {isa = PBXBuildFile; fileRef = 3B0DC89C27C45D8800204351 /* QiitaUser.swift */; };
		3B0DC89F27C45DCC00204351 /* QiitaAPIRequest.swift in Sources */ = {isa = PBXBuildFile; fileRef = 3B0DC89E27C45DCC00204351 /* QiitaAPIRequest.swift */; };
		3B0DC8A327C4651000204351 /* NormalArticleCell.swift in Sources */ = {isa = PBXBuildFile; fileRef = 3B0DC8A227C4651000204351 /* NormalArticleCell.swift */; };
		3B0DC8A527C4657800204351 /* KeyedDecodingContainer+stringToDateDecode.swift in Sources */ = {isa = PBXBuildFile; fileRef = 3B0DC8A427C4657800204351 /* KeyedDecodingContainer+stringToDateDecode.swift */; };
		3B0DC8A727C465F300204351 /* Date+dateString.swift in Sources */ = {isa = PBXBuildFile; fileRef = 3B0DC8A627C465F300204351 /* Date+dateString.swift */; };
		3B0DC8AA27C4662300204351 /* UIImageView+cacheImage.swift in Sources */ = {isa = PBXBuildFile; fileRef = 3B0DC8A927C4662300204351 /* UIImageView+cacheImage.swift */; };
		3B0DC8AC27C469BF00204351 /* ArticleViewController.swift in Sources */ = {isa = PBXBuildFile; fileRef = 3B0DC8AB27C469BF00204351 /* ArticleViewController.swift */; };
		3B0DC8AE27C4703100204351 /* UITableView+registerAndDequeue.swift in Sources */ = {isa = PBXBuildFile; fileRef = 3B0DC8AD27C4703100204351 /* UITableView+registerAndDequeue.swift */; };
		3B0DC8B227C475D400204351 /* NSObjectProtocol+className.swift in Sources */ = {isa = PBXBuildFile; fileRef = 3B0DC8B127C475D400204351 /* NSObjectProtocol+className.swift */; };
		3B0DC8B427C4771C00204351 /* String+localization.swift in Sources */ = {isa = PBXBuildFile; fileRef = 3B0DC8B327C4771C00204351 /* String+localization.swift */; };
		3B1FD4B827B91AF900D01974 /* Pacifico-Regular.ttf in Resources */ = {isa = PBXBuildFile; fileRef = 3B1FD4B727B91AF800D01974 /* Pacifico-Regular.ttf */; };
		3B35299F27BB401700497836 /* StoryboardUI+localization.swift in Sources */ = {isa = PBXBuildFile; fileRef = 3B35299E27BB401700497836 /* StoryboardUI+localization.swift */; };
		3B3529A127BBC13A00497836 /* FeedViewController.swift in Sources */ = {isa = PBXBuildFile; fileRef = 3B3529A027BBC13A00497836 /* FeedViewController.swift */; };
		3B3529A327BBCF5900497836 /* NormalArticleCell.xib in Resources */ = {isa = PBXBuildFile; fileRef = 3B3529A227BBCF5900497836 /* NormalArticleCell.xib */; };
		3B39989727DCC66B00B7ACF9 /* .env in Resources */ = {isa = PBXBuildFile; fileRef = 3B39989627DCC66B00B7ACF9 /* .env */; };
		3B39989F27DCCB4100B7ACF9 /* example.env in Resources */ = {isa = PBXBuildFile; fileRef = 3B39989E27DCCB4100B7ACF9 /* example.env */; };
		3B464DA427DEF33D00AF5BAD /* MainTabBarController.swift in Sources */ = {isa = PBXBuildFile; fileRef = 3B464DA327DEF33D00AF5BAD /* MainTabBarController.swift */; };
		3B464DA627DF8C0A00AF5BAD /* UserInfoView.xib in Resources */ = {isa = PBXBuildFile; fileRef = 3B464DA527DF8C0A00AF5BAD /* UserInfoView.xib */; };
		3B464DA827DF8EE100AF5BAD /* UserInfoView.swift in Sources */ = {isa = PBXBuildFile; fileRef = 3B464DA727DF8EE100AF5BAD /* UserInfoView.swift */; };
		3B464DAA27E02EC700AF5BAD /* PostedArticlesLabel.xib in Resources */ = {isa = PBXBuildFile; fileRef = 3B464DA927E02EC700AF5BAD /* PostedArticlesLabel.xib */; };
		3B464DAC27E02FD600AF5BAD /* PostedArticlesLabel.swift in Sources */ = {isa = PBXBuildFile; fileRef = 3B464DAB27E02FD600AF5BAD /* PostedArticlesLabel.swift */; };
		3B464DAE27E03E4300AF5BAD /* UserArticleCell.xib in Resources */ = {isa = PBXBuildFile; fileRef = 3B464DAD27E03E4300AF5BAD /* UserArticleCell.xib */; };
		3B464DB027E03E6900AF5BAD /* UserArticleCell.swift in Sources */ = {isa = PBXBuildFile; fileRef = 3B464DAF27E03E6900AF5BAD /* UserArticleCell.swift */; };
		3B464DB227E0519700AF5BAD /* ArticleCell.swift in Sources */ = {isa = PBXBuildFile; fileRef = 3B464DB127E0519700AF5BAD /* ArticleCell.swift */; };
		3B60BC6A27DC6074006D3A2A /* OauthViewController.swift in Sources */ = {isa = PBXBuildFile; fileRef = 3B60BC6927DC6074006D3A2A /* OauthViewController.swift */; };
		3B6EC12C27B94EB900C02F65 /* SegueHandlerType.swift in Sources */ = {isa = PBXBuildFile; fileRef = 3B6EC12B27B94EB900C02F65 /* SegueHandlerType.swift */; };
		3B6EC12F27B94F6800C02F65 /* Segue.swift in Sources */ = {isa = PBXBuildFile; fileRef = 3B6EC12E27B94F6800C02F65 /* Segue.swift */; };
		3B6EC13527B9554A00C02F65 /* Localizable.strings in Resources */ = {isa = PBXBuildFile; fileRef = 3B6EC13727B9554A00C02F65 /* Localizable.strings */; };
		3B7C609C27DE422000907C3A /* SettingsViewController.swift in Sources */ = {isa = PBXBuildFile; fileRef = 3B7C609B27DE422000907C3A /* SettingsViewController.swift */; };
		3B7C609E27DE422E00907C3A /* UserPageViewController.swift in Sources */ = {isa = PBXBuildFile; fileRef = 3B7C609D27DE422E00907C3A /* UserPageViewController.swift */; };
		3BB69B6327AF59A400B2C0F0 /* AppDelegate.swift in Sources */ = {isa = PBXBuildFile; fileRef = 3BB69B6227AF59A400B2C0F0 /* AppDelegate.swift */; };
		3BB69B6527AF59A400B2C0F0 /* SceneDelegate.swift in Sources */ = {isa = PBXBuildFile; fileRef = 3BB69B6427AF59A400B2C0F0 /* SceneDelegate.swift */; };
		3BB69B6727AF59A400B2C0F0 /* TopLoginViewController.swift in Sources */ = {isa = PBXBuildFile; fileRef = 3BB69B6627AF59A400B2C0F0 /* TopLoginViewController.swift */; };
		3BB69B6A27AF59A500B2C0F0 /* Main.storyboard in Resources */ = {isa = PBXBuildFile; fileRef = 3BB69B6827AF59A500B2C0F0 /* Main.storyboard */; };
		3BB69B6C27AF59A600B2C0F0 /* Assets.xcassets in Resources */ = {isa = PBXBuildFile; fileRef = 3BB69B6B27AF59A600B2C0F0 /* Assets.xcassets */; };
		3BB69B6F27AF59A600B2C0F0 /* LaunchScreen.storyboard in Resources */ = {isa = PBXBuildFile; fileRef = 3BB69B6D27AF59A600B2C0F0 /* LaunchScreen.storyboard */; };
		3BBAB2FC27D5D87600DD978E /* TagsViewController.swift in Sources */ = {isa = PBXBuildFile; fileRef = 3BBAB2FB27D5D87600DD978E /* TagsViewController.swift */; };
		3BBAB2FE27D5DA5800DD978E /* QiitaTag.swift in Sources */ = {isa = PBXBuildFile; fileRef = 3BBAB2FD27D5DA5800DD978E /* QiitaTag.swift */; };
		3BBAB30027D7505400DD978E /* TagCollectionCell.swift in Sources */ = {isa = PBXBuildFile; fileRef = 3BBAB2FF27D7505400DD978E /* TagCollectionCell.swift */; };
		3BBBB84A27D8E0EB009418C9 /* TagDetailsViewController.swift in Sources */ = {isa = PBXBuildFile; fileRef = 3BBBB84927D8E0EB009418C9 /* TagDetailsViewController.swift */; };
		3BBBB84C27D9628C009418C9 /* UIView+border.swift in Sources */ = {isa = PBXBuildFile; fileRef = 3BBBB84B27D9628C009418C9 /* UIView+border.swift */; };
		3BD3756227E8C5D700501807 /* NetworkErrorView.xib in Resources */ = {isa = PBXBuildFile; fileRef = 3BD3756127E8C5D700501807 /* NetworkErrorView.xib */; };
		3BD3756427E9434C00501807 /* NetworkErrorView.swift in Sources */ = {isa = PBXBuildFile; fileRef = 3BD3756327E9434C00501807 /* NetworkErrorView.swift */; };
		3BD3756827E9613600501807 /* LoginRequiredErrorView.xib in Resources */ = {isa = PBXBuildFile; fileRef = 3BD3756727E9613600501807 /* LoginRequiredErrorView.xib */; };
		3BD3756A27E9616000501807 /* NoQueryMatchErrorView.xib in Resources */ = {isa = PBXBuildFile; fileRef = 3BD3756927E9616000501807 /* NoQueryMatchErrorView.xib */; };
		3BD3756C27E9618100501807 /* LoginRequiredErrorView.swift in Sources */ = {isa = PBXBuildFile; fileRef = 3BD3756B27E9618100501807 /* LoginRequiredErrorView.swift */; };
		3BD3756E27E9619300501807 /* NoQueryMatchErrorView.swift in Sources */ = {isa = PBXBuildFile; fileRef = 3BD3756D27E9619300501807 /* NoQueryMatchErrorView.swift */; };
		3BD8F47027E2F1E1001049F5 /* URL+queryValue.swift in Sources */ = {isa = PBXBuildFile; fileRef = 3BD8F46F27E2F1E1001049F5 /* URL+queryValue.swift */; };
		3BD8F47227E2F2C2001049F5 /* QiitaToken.swift in Sources */ = {isa = PBXBuildFile; fileRef = 3BD8F47127E2F2C2001049F5 /* QiitaToken.swift */; };
		3BD8F47427E2FD15001049F5 /* FollowViewController.swift in Sources */ = {isa = PBXBuildFile; fileRef = 3BD8F47327E2FD15001049F5 /* FollowViewController.swift */; };
		3BD8F47727E412D4001049F5 /* UICollectionView+registerAndDequeue.swift in Sources */ = {isa = PBXBuildFile; fileRef = 3BD8F47627E412D4001049F5 /* UICollectionView+registerAndDequeue.swift */; };
		3BD8F47927E41441001049F5 /* UIStoryboard+instantiateVC.swift in Sources */ = {isa = PBXBuildFile; fileRef = 3BD8F47827E41441001049F5 /* UIStoryboard+instantiateVC.swift */; };
		3BD8F47B27E4147F001049F5 /* UINib+fileCache.swift in Sources */ = {isa = PBXBuildFile; fileRef = 3BD8F47A27E4147F001049F5 /* UINib+fileCache.swift */; };
		3BD8F47D27E41D56001049F5 /* LoadingIndicatorView.swift in Sources */ = {isa = PBXBuildFile; fileRef = 3BD8F47C27E41D56001049F5 /* LoadingIndicatorView.swift */; };
		3BD8F48027E44FD2001049F5 /* QiitaOauthFirstRequest.swift in Sources */ = {isa = PBXBuildFile; fileRef = 3BD8F47F27E44FD2001049F5 /* QiitaOauthFirstRequest.swift */; };
		3BD8F48227E44FE6001049F5 /* AccessTokenGetRequest.swift in Sources */ = {isa = PBXBuildFile; fileRef = 3BD8F48127E44FE6001049F5 /* AccessTokenGetRequest.swift */; };
		3BD8F48427E4504E001049F5 /* ArticlesGetRequest.swift in Sources */ = {isa = PBXBuildFile; fileRef = 3BD8F48327E4504E001049F5 /* ArticlesGetRequest.swift */; };
		3BD8F48627E4507C001049F5 /* TagsGetRequest.swift in Sources */ = {isa = PBXBuildFile; fileRef = 3BD8F48527E4507C001049F5 /* TagsGetRequest.swift */; };
		3BD8F48827E450BC001049F5 /* AccessTokenDeactivateRequest.swift in Sources */ = {isa = PBXBuildFile; fileRef = 3BD8F48727E450BC001049F5 /* AccessTokenDeactivateRequest.swift */; };
		3BD8F48A27E450E3001049F5 /* AuthUserGetRequest.swift in Sources */ = {isa = PBXBuildFile; fileRef = 3BD8F48927E450E3001049F5 /* AuthUserGetRequest.swift */; };
		3BD8F48C27E45104001049F5 /* AuthUserArticlesGetRequest.swift in Sources */ = {isa = PBXBuildFile; fileRef = 3BD8F48B27E45104001049F5 /* AuthUserArticlesGetRequest.swift */; };
		3BE0B41927E1B187009C3FAD /* LoadingIndicatorView.xib in Resources */ = {isa = PBXBuildFile; fileRef = 3BE0B41827E1B187009C3FAD /* LoadingIndicatorView.xib */; };
		3BE0B41B27E2C8F5009C3FAD /* QiitaAccessToken.swift in Sources */ = {isa = PBXBuildFile; fileRef = 3BE0B41A27E2C8F5009C3FAD /* QiitaAccessToken.swift */; };
		3BE0B41D27E2CB2F009C3FAD /* BaseArticlesViewController.swift in Sources */ = {isa = PBXBuildFile; fileRef = 3BE0B41C27E2CB2F009C3FAD /* BaseArticlesViewController.swift */; };
		3BECE16527C765C8007AB283 /* TagCollectionCell.xib in Resources */ = {isa = PBXBuildFile; fileRef = 3BECE16427C765C8007AB283 /* TagCollectionCell.xib */; };
		5E4C686282BE82653A783F51 /* Pods_QiitaClientApp.framework in Frameworks */ = {isa = PBXBuildFile; fileRef = FEC91BFED63ED92114497267 /* Pods_QiitaClientApp.framework */; };
/* End PBXBuildFile section */

/* Begin PBXFileReference section */
		348E6EC010C5A31B6CFD057D /* Pods-QiitaClientApp.release.xcconfig */ = {isa = PBXFileReference; includeInIndex = 1; lastKnownFileType = text.xcconfig; name = "Pods-QiitaClientApp.release.xcconfig"; path = "Target Support Files/Pods-QiitaClientApp/Pods-QiitaClientApp.release.xcconfig"; sourceTree = "<group>"; };
		3B0DC89A27C45D4D00204351 /* QiitaArticle.swift */ = {isa = PBXFileReference; lastKnownFileType = sourcecode.swift; path = QiitaArticle.swift; sourceTree = "<group>"; };
		3B0DC89C27C45D8800204351 /* QiitaUser.swift */ = {isa = PBXFileReference; lastKnownFileType = sourcecode.swift; path = QiitaUser.swift; sourceTree = "<group>"; };
		3B0DC89E27C45DCC00204351 /* QiitaAPIRequest.swift */ = {isa = PBXFileReference; lastKnownFileType = sourcecode.swift; path = QiitaAPIRequest.swift; sourceTree = "<group>"; };
		3B0DC8A227C4651000204351 /* NormalArticleCell.swift */ = {isa = PBXFileReference; lastKnownFileType = sourcecode.swift; path = NormalArticleCell.swift; sourceTree = "<group>"; };
		3B0DC8A427C4657800204351 /* KeyedDecodingContainer+stringToDateDecode.swift */ = {isa = PBXFileReference; lastKnownFileType = sourcecode.swift; path = "KeyedDecodingContainer+stringToDateDecode.swift"; sourceTree = "<group>"; };
		3B0DC8A627C465F300204351 /* Date+dateString.swift */ = {isa = PBXFileReference; lastKnownFileType = sourcecode.swift; path = "Date+dateString.swift"; sourceTree = "<group>"; };
		3B0DC8A927C4662300204351 /* UIImageView+cacheImage.swift */ = {isa = PBXFileReference; lastKnownFileType = sourcecode.swift; path = "UIImageView+cacheImage.swift"; sourceTree = "<group>"; };
		3B0DC8AB27C469BF00204351 /* ArticleViewController.swift */ = {isa = PBXFileReference; lastKnownFileType = sourcecode.swift; path = ArticleViewController.swift; sourceTree = "<group>"; };
		3B0DC8AD27C4703100204351 /* UITableView+registerAndDequeue.swift */ = {isa = PBXFileReference; lastKnownFileType = sourcecode.swift; path = "UITableView+registerAndDequeue.swift"; sourceTree = "<group>"; };
		3B0DC8B127C475D400204351 /* NSObjectProtocol+className.swift */ = {isa = PBXFileReference; lastKnownFileType = sourcecode.swift; path = "NSObjectProtocol+className.swift"; sourceTree = "<group>"; };
		3B0DC8B327C4771C00204351 /* String+localization.swift */ = {isa = PBXFileReference; lastKnownFileType = sourcecode.swift; path = "String+localization.swift"; sourceTree = "<group>"; };
		3B1FD4B727B91AF800D01974 /* Pacifico-Regular.ttf */ = {isa = PBXFileReference; lastKnownFileType = file; path = "Pacifico-Regular.ttf"; sourceTree = "<group>"; };
		3B35299E27BB401700497836 /* StoryboardUI+localization.swift */ = {isa = PBXFileReference; lastKnownFileType = sourcecode.swift; path = "StoryboardUI+localization.swift"; sourceTree = "<group>"; };
		3B3529A027BBC13A00497836 /* FeedViewController.swift */ = {isa = PBXFileReference; lastKnownFileType = sourcecode.swift; path = FeedViewController.swift; sourceTree = "<group>"; };
		3B3529A227BBCF5900497836 /* NormalArticleCell.xib */ = {isa = PBXFileReference; lastKnownFileType = file.xib; path = NormalArticleCell.xib; sourceTree = "<group>"; };
		3B39989627DCC66B00B7ACF9 /* .env */ = {isa = PBXFileReference; lastKnownFileType = text; path = .env; sourceTree = "<group>"; };
		3B39989E27DCCB4100B7ACF9 /* example.env */ = {isa = PBXFileReference; lastKnownFileType = text; path = example.env; sourceTree = "<group>"; };
		3B464DA327DEF33D00AF5BAD /* MainTabBarController.swift */ = {isa = PBXFileReference; lastKnownFileType = sourcecode.swift; path = MainTabBarController.swift; sourceTree = "<group>"; };
		3B464DA527DF8C0A00AF5BAD /* UserInfoView.xib */ = {isa = PBXFileReference; lastKnownFileType = file.xib; path = UserInfoView.xib; sourceTree = "<group>"; };
		3B464DA727DF8EE100AF5BAD /* UserInfoView.swift */ = {isa = PBXFileReference; lastKnownFileType = sourcecode.swift; path = UserInfoView.swift; sourceTree = "<group>"; };
		3B464DA927E02EC700AF5BAD /* PostedArticlesLabel.xib */ = {isa = PBXFileReference; lastKnownFileType = file.xib; path = PostedArticlesLabel.xib; sourceTree = "<group>"; };
		3B464DAB27E02FD600AF5BAD /* PostedArticlesLabel.swift */ = {isa = PBXFileReference; lastKnownFileType = sourcecode.swift; path = PostedArticlesLabel.swift; sourceTree = "<group>"; };
		3B464DAD27E03E4300AF5BAD /* UserArticleCell.xib */ = {isa = PBXFileReference; lastKnownFileType = file.xib; path = UserArticleCell.xib; sourceTree = "<group>"; };
		3B464DAF27E03E6900AF5BAD /* UserArticleCell.swift */ = {isa = PBXFileReference; lastKnownFileType = sourcecode.swift; path = UserArticleCell.swift; sourceTree = "<group>"; };
		3B464DB127E0519700AF5BAD /* ArticleCell.swift */ = {isa = PBXFileReference; lastKnownFileType = sourcecode.swift; path = ArticleCell.swift; sourceTree = "<group>"; };
		3B60BC6927DC6074006D3A2A /* OauthViewController.swift */ = {isa = PBXFileReference; lastKnownFileType = sourcecode.swift; path = OauthViewController.swift; sourceTree = "<group>"; };
		3B6EC12B27B94EB900C02F65 /* SegueHandlerType.swift */ = {isa = PBXFileReference; lastKnownFileType = sourcecode.swift; path = SegueHandlerType.swift; sourceTree = "<group>"; };
		3B6EC12E27B94F6800C02F65 /* Segue.swift */ = {isa = PBXFileReference; lastKnownFileType = sourcecode.swift; path = Segue.swift; sourceTree = "<group>"; };
		3B6EC13627B9554A00C02F65 /* ja */ = {isa = PBXFileReference; lastKnownFileType = text.plist.strings; name = ja; path = ja.lproj/Localizable.strings; sourceTree = "<group>"; };
		3B7C609B27DE422000907C3A /* SettingsViewController.swift */ = {isa = PBXFileReference; lastKnownFileType = sourcecode.swift; path = SettingsViewController.swift; sourceTree = "<group>"; };
		3B7C609D27DE422E00907C3A /* UserPageViewController.swift */ = {isa = PBXFileReference; lastKnownFileType = sourcecode.swift; path = UserPageViewController.swift; sourceTree = "<group>"; };
		3BB69B5F27AF59A400B2C0F0 /* QiitaClientApp.app */ = {isa = PBXFileReference; explicitFileType = wrapper.application; includeInIndex = 0; path = QiitaClientApp.app; sourceTree = BUILT_PRODUCTS_DIR; };
		3BB69B6227AF59A400B2C0F0 /* AppDelegate.swift */ = {isa = PBXFileReference; lastKnownFileType = sourcecode.swift; path = AppDelegate.swift; sourceTree = "<group>"; };
		3BB69B6427AF59A400B2C0F0 /* SceneDelegate.swift */ = {isa = PBXFileReference; lastKnownFileType = sourcecode.swift; path = SceneDelegate.swift; sourceTree = "<group>"; };
		3BB69B6627AF59A400B2C0F0 /* TopLoginViewController.swift */ = {isa = PBXFileReference; lastKnownFileType = sourcecode.swift; path = TopLoginViewController.swift; sourceTree = "<group>"; };
		3BB69B6927AF59A500B2C0F0 /* Base */ = {isa = PBXFileReference; lastKnownFileType = file.storyboard; name = Base; path = Base.lproj/Main.storyboard; sourceTree = "<group>"; };
		3BB69B6B27AF59A600B2C0F0 /* Assets.xcassets */ = {isa = PBXFileReference; lastKnownFileType = folder.assetcatalog; path = Assets.xcassets; sourceTree = "<group>"; };
		3BB69B6E27AF59A600B2C0F0 /* Base */ = {isa = PBXFileReference; lastKnownFileType = file.storyboard; name = Base; path = Base.lproj/LaunchScreen.storyboard; sourceTree = "<group>"; };
		3BB69B7027AF59A600B2C0F0 /* Info.plist */ = {isa = PBXFileReference; lastKnownFileType = text.plist.xml; path = Info.plist; sourceTree = "<group>"; };
		3BB9416F27B9C5EC00D1249D /* en */ = {isa = PBXFileReference; lastKnownFileType = text.plist.strings; name = en; path = en.lproj/Localizable.strings; sourceTree = "<group>"; };
		3BBAB2FB27D5D87600DD978E /* TagsViewController.swift */ = {isa = PBXFileReference; lastKnownFileType = sourcecode.swift; path = TagsViewController.swift; sourceTree = "<group>"; };
		3BBAB2FD27D5DA5800DD978E /* QiitaTag.swift */ = {isa = PBXFileReference; lastKnownFileType = sourcecode.swift; path = QiitaTag.swift; sourceTree = "<group>"; };
		3BBAB2FF27D7505400DD978E /* TagCollectionCell.swift */ = {isa = PBXFileReference; lastKnownFileType = sourcecode.swift; path = TagCollectionCell.swift; sourceTree = "<group>"; };
		3BBBB84927D8E0EB009418C9 /* TagDetailsViewController.swift */ = {isa = PBXFileReference; lastKnownFileType = sourcecode.swift; path = TagDetailsViewController.swift; sourceTree = "<group>"; };
		3BBBB84B27D9628C009418C9 /* UIView+border.swift */ = {isa = PBXFileReference; lastKnownFileType = sourcecode.swift; path = "UIView+border.swift"; sourceTree = "<group>"; };
		3BD3756127E8C5D700501807 /* NetworkErrorView.xib */ = {isa = PBXFileReference; lastKnownFileType = file.xib; path = NetworkErrorView.xib; sourceTree = "<group>"; };
		3BD3756327E9434C00501807 /* NetworkErrorView.swift */ = {isa = PBXFileReference; lastKnownFileType = sourcecode.swift; path = NetworkErrorView.swift; sourceTree = "<group>"; };
		3BD3756727E9613600501807 /* LoginRequiredErrorView.xib */ = {isa = PBXFileReference; lastKnownFileType = file.xib; path = LoginRequiredErrorView.xib; sourceTree = "<group>"; };
		3BD3756927E9616000501807 /* NoQueryMatchErrorView.xib */ = {isa = PBXFileReference; lastKnownFileType = file.xib; path = NoQueryMatchErrorView.xib; sourceTree = "<group>"; };
		3BD3756B27E9618100501807 /* LoginRequiredErrorView.swift */ = {isa = PBXFileReference; lastKnownFileType = sourcecode.swift; path = LoginRequiredErrorView.swift; sourceTree = "<group>"; };
		3BD3756D27E9619300501807 /* NoQueryMatchErrorView.swift */ = {isa = PBXFileReference; lastKnownFileType = sourcecode.swift; path = NoQueryMatchErrorView.swift; sourceTree = "<group>"; };
		3BD8F46F27E2F1E1001049F5 /* URL+queryValue.swift */ = {isa = PBXFileReference; lastKnownFileType = sourcecode.swift; path = "URL+queryValue.swift"; sourceTree = "<group>"; };
		3BD8F47127E2F2C2001049F5 /* QiitaToken.swift */ = {isa = PBXFileReference; lastKnownFileType = sourcecode.swift; path = QiitaToken.swift; sourceTree = "<group>"; };
		3BD8F47327E2FD15001049F5 /* FollowViewController.swift */ = {isa = PBXFileReference; lastKnownFileType = sourcecode.swift; path = FollowViewController.swift; sourceTree = "<group>"; };
		3BD8F47627E412D4001049F5 /* UICollectionView+registerAndDequeue.swift */ = {isa = PBXFileReference; lastKnownFileType = sourcecode.swift; path = "UICollectionView+registerAndDequeue.swift"; sourceTree = "<group>"; };
		3BD8F47827E41441001049F5 /* UIStoryboard+instantiateVC.swift */ = {isa = PBXFileReference; lastKnownFileType = sourcecode.swift; path = "UIStoryboard+instantiateVC.swift"; sourceTree = "<group>"; };
		3BD8F47A27E4147F001049F5 /* UINib+fileCache.swift */ = {isa = PBXFileReference; lastKnownFileType = sourcecode.swift; path = "UINib+fileCache.swift"; sourceTree = "<group>"; };
		3BD8F47C27E41D56001049F5 /* LoadingIndicatorView.swift */ = {isa = PBXFileReference; lastKnownFileType = sourcecode.swift; path = LoadingIndicatorView.swift; sourceTree = "<group>"; };
		3BD8F47F27E44FD2001049F5 /* QiitaOauthFirstRequest.swift */ = {isa = PBXFileReference; lastKnownFileType = sourcecode.swift; path = QiitaOauthFirstRequest.swift; sourceTree = "<group>"; };
		3BD8F48127E44FE6001049F5 /* AccessTokenGetRequest.swift */ = {isa = PBXFileReference; lastKnownFileType = sourcecode.swift; path = AccessTokenGetRequest.swift; sourceTree = "<group>"; };
		3BD8F48327E4504E001049F5 /* ArticlesGetRequest.swift */ = {isa = PBXFileReference; lastKnownFileType = sourcecode.swift; path = ArticlesGetRequest.swift; sourceTree = "<group>"; };
		3BD8F48527E4507C001049F5 /* TagsGetRequest.swift */ = {isa = PBXFileReference; lastKnownFileType = sourcecode.swift; path = TagsGetRequest.swift; sourceTree = "<group>"; };
		3BD8F48727E450BC001049F5 /* AccessTokenDeactivateRequest.swift */ = {isa = PBXFileReference; lastKnownFileType = sourcecode.swift; path = AccessTokenDeactivateRequest.swift; sourceTree = "<group>"; };
		3BD8F48927E450E3001049F5 /* AuthUserGetRequest.swift */ = {isa = PBXFileReference; lastKnownFileType = sourcecode.swift; path = AuthUserGetRequest.swift; sourceTree = "<group>"; };
		3BD8F48B27E45104001049F5 /* AuthUserArticlesGetRequest.swift */ = {isa = PBXFileReference; lastKnownFileType = sourcecode.swift; path = AuthUserArticlesGetRequest.swift; sourceTree = "<group>"; };
		3BE0B41827E1B187009C3FAD /* LoadingIndicatorView.xib */ = {isa = PBXFileReference; lastKnownFileType = file.xib; path = LoadingIndicatorView.xib; sourceTree = "<group>"; };
		3BE0B41A27E2C8F5009C3FAD /* QiitaAccessToken.swift */ = {isa = PBXFileReference; lastKnownFileType = sourcecode.swift; path = QiitaAccessToken.swift; sourceTree = "<group>"; };
		3BE0B41C27E2CB2F009C3FAD /* BaseArticlesViewController.swift */ = {isa = PBXFileReference; lastKnownFileType = sourcecode.swift; path = BaseArticlesViewController.swift; sourceTree = "<group>"; };
		3BECE16427C765C8007AB283 /* TagCollectionCell.xib */ = {isa = PBXFileReference; lastKnownFileType = file.xib; path = TagCollectionCell.xib; sourceTree = "<group>"; };
		5730C412B1F57479C5FB7D83 /* Pods-QiitaClientApp.debug.xcconfig */ = {isa = PBXFileReference; includeInIndex = 1; lastKnownFileType = text.xcconfig; name = "Pods-QiitaClientApp.debug.xcconfig"; path = "Target Support Files/Pods-QiitaClientApp/Pods-QiitaClientApp.debug.xcconfig"; sourceTree = "<group>"; };
		FEC91BFED63ED92114497267 /* Pods_QiitaClientApp.framework */ = {isa = PBXFileReference; explicitFileType = wrapper.framework; includeInIndex = 0; path = Pods_QiitaClientApp.framework; sourceTree = BUILT_PRODUCTS_DIR; };
/* End PBXFileReference section */

/* Begin PBXFrameworksBuildPhase section */
		3BB69B5C27AF59A400B2C0F0 /* Frameworks */ = {
			isa = PBXFrameworksBuildPhase;
			buildActionMask = 2147483647;
			files = (
				5E4C686282BE82653A783F51 /* Pods_QiitaClientApp.framework in Frameworks */,
			);
			runOnlyForDeploymentPostprocessing = 0;
		};
/* End PBXFrameworksBuildPhase section */

/* Begin PBXGroup section */
		0A62ED138C0F354755F3EAC5 /* Frameworks */ = {
			isa = PBXGroup;
			children = (
				FEC91BFED63ED92114497267 /* Pods_QiitaClientApp.framework */,
			);
			name = Frameworks;
			sourceTree = "<group>";
		};
		3B0DC8A027C4634800204351 /* Component */ = {
			isa = PBXGroup;
			children = (
				3B464DB127E0519700AF5BAD /* ArticleCell.swift */,
				3B0DC8A227C4651000204351 /* NormalArticleCell.swift */,
				3B464DAF27E03E6900AF5BAD /* UserArticleCell.swift */,
				3BBAB2FF27D7505400DD978E /* TagCollectionCell.swift */,
				3B464DA727DF8EE100AF5BAD /* UserInfoView.swift */,
				3B464DAB27E02FD600AF5BAD /* PostedArticlesLabel.swift */,
				3BD8F47C27E41D56001049F5 /* LoadingIndicatorView.swift */,
				3BD3756327E9434C00501807 /* NetworkErrorView.swift */,
				3BD3756B27E9618100501807 /* LoginRequiredErrorView.swift */,
				3BD3756D27E9619300501807 /* NoQueryMatchErrorView.swift */,
			);
			path = Component;
			sourceTree = "<group>";
		};
		3B0DC8A127C4636100204351 /* View */ = {
			isa = PBXGroup;
			children = (
				3BB69B6627AF59A400B2C0F0 /* TopLoginViewController.swift */,
				3B60BC6927DC6074006D3A2A /* OauthViewController.swift */,
				3B464DA327DEF33D00AF5BAD /* MainTabBarController.swift */,
				3BE0B41C27E2CB2F009C3FAD /* BaseArticlesViewController.swift */,
				3B3529A027BBC13A00497836 /* FeedViewController.swift */,
				3BBAB2FB27D5D87600DD978E /* TagsViewController.swift */,
				3B7C609D27DE422E00907C3A /* UserPageViewController.swift */,
				3B7C609B27DE422000907C3A /* SettingsViewController.swift */,
				3B0DC8AB27C469BF00204351 /* ArticleViewController.swift */,
				3BBBB84927D8E0EB009418C9 /* TagDetailsViewController.swift */,
				3BD8F47327E2FD15001049F5 /* FollowViewController.swift */,
			);
			path = View;
			sourceTree = "<group>";
		};
		3B1FD4B527B91A5800D01974 /* Resource */ = {
			isa = PBXGroup;
			children = (
				3BB69B6B27AF59A600B2C0F0 /* Assets.xcassets */,
				3BB9417127B9D10500D1249D /* Font */,
				3B6EC13727B9554A00C02F65 /* Localizable.strings */,
				3BB69B6827AF59A500B2C0F0 /* Main.storyboard */,
				3BB69B6D27AF59A600B2C0F0 /* LaunchScreen.storyboard */,
				3BE0B41827E1B187009C3FAD /* LoadingIndicatorView.xib */,
				3B3529A227BBCF5900497836 /* NormalArticleCell.xib */,
				3B464DAD27E03E4300AF5BAD /* UserArticleCell.xib */,
				3BECE16427C765C8007AB283 /* TagCollectionCell.xib */,
				3B464DA527DF8C0A00AF5BAD /* UserInfoView.xib */,
				3B464DA927E02EC700AF5BAD /* PostedArticlesLabel.xib */,
				3BD3756127E8C5D700501807 /* NetworkErrorView.xib */,
				3BD3756727E9613600501807 /* LoginRequiredErrorView.xib */,
				3BD3756927E9616000501807 /* NoQueryMatchErrorView.xib */,
			);
			path = Resource;
			sourceTree = "<group>";
		};
		3B1FD4B627B91A6600D01974 /* Pacifico */ = {
			isa = PBXGroup;
			children = (
				3B1FD4B727B91AF800D01974 /* Pacifico-Regular.ttf */,
			);
			path = Pacifico;
			sourceTree = "<group>";
		};
		3B6EC12A27B94E0E00C02F65 /* Utility */ = {
			isa = PBXGroup;
			children = (
				3B6EC12B27B94EB900C02F65 /* SegueHandlerType.swift */,
				3B0DC89E27C45DCC00204351 /* QiitaAPIRequest.swift */,
				3BE0B41A27E2C8F5009C3FAD /* QiitaAccessToken.swift */,
			);
			path = Utility;
			sourceTree = "<group>";
		};
		3B6EC12D27B94F4E00C02F65 /* Model */ = {
			isa = PBXGroup;
			children = (
				3B6EC12E27B94F6800C02F65 /* Segue.swift */,
				3B0DC89A27C45D4D00204351 /* QiitaArticle.swift */,
				3B0DC89C27C45D8800204351 /* QiitaUser.swift */,
				3BBAB2FD27D5DA5800DD978E /* QiitaTag.swift */,
				3BD8F47127E2F2C2001049F5 /* QiitaToken.swift */,
				3BD8F47E27E44F85001049F5 /* APIRequest */,
			);
			path = Model;
			sourceTree = "<group>";
		};
		3BB69B5627AF59A400B2C0F0 = {
			isa = PBXGroup;
			children = (
				3BB69B6127AF59A400B2C0F0 /* QiitaClientApp */,
				3BB69B6027AF59A400B2C0F0 /* Products */,
				D04599CAF0CFB2047975301D /* Pods */,
				0A62ED138C0F354755F3EAC5 /* Frameworks */,
			);
			sourceTree = "<group>";
		};
		3BB69B6027AF59A400B2C0F0 /* Products */ = {
			isa = PBXGroup;
			children = (
				3BB69B5F27AF59A400B2C0F0 /* QiitaClientApp.app */,
			);
			name = Products;
			sourceTree = "<group>";
		};
		3BB69B6127AF59A400B2C0F0 /* QiitaClientApp */ = {
			isa = PBXGroup;
			children = (
				3BB69B7027AF59A600B2C0F0 /* Info.plist */,
				3BB69B6227AF59A400B2C0F0 /* AppDelegate.swift */,
				3BB69B6427AF59A400B2C0F0 /* SceneDelegate.swift */,
				3B1FD4B527B91A5800D01974 /* Resource */,
				3B6EC12D27B94F4E00C02F65 /* Model */,
				3BD8F47527E4126C001049F5 /* Extension */,
				3B6EC12A27B94E0E00C02F65 /* Utility */,
				3B0DC8A127C4636100204351 /* View */,
				3B0DC8A027C4634800204351 /* Component */,
				3B39989627DCC66B00B7ACF9 /* .env */,
				3B39989E27DCCB4100B7ACF9 /* example.env */,
			);
			path = QiitaClientApp;
			sourceTree = "<group>";
		};
		3BB9417127B9D10500D1249D /* Font */ = {
			isa = PBXGroup;
			children = (
				3B1FD4B627B91A6600D01974 /* Pacifico */,
			);
			path = Font;
			sourceTree = "<group>";
		};
		3BD8F47527E4126C001049F5 /* Extension */ = {
			isa = PBXGroup;
			children = (
				3B0DC8A927C4662300204351 /* UIImageView+cacheImage.swift */,
				3B0DC8A627C465F300204351 /* Date+dateString.swift */,
				3B0DC8B127C475D400204351 /* NSObjectProtocol+className.swift */,
				3B0DC8B327C4771C00204351 /* String+localization.swift */,
				3B35299E27BB401700497836 /* StoryboardUI+localization.swift */,
				3BBBB84B27D9628C009418C9 /* UIView+border.swift */,
				3BD8F46F27E2F1E1001049F5 /* URL+queryValue.swift */,
				3B0DC8A427C4657800204351 /* KeyedDecodingContainer+stringToDateDecode.swift */,
				3B0DC8AD27C4703100204351 /* UITableView+registerAndDequeue.swift */,
				3BD8F47627E412D4001049F5 /* UICollectionView+registerAndDequeue.swift */,
				3BD8F47827E41441001049F5 /* UIStoryboard+instantiateVC.swift */,
				3BD8F47A27E4147F001049F5 /* UINib+fileCache.swift */,
			);
			path = Extension;
			sourceTree = "<group>";
		};
		3BD8F47E27E44F85001049F5 /* APIRequest */ = {
			isa = PBXGroup;
			children = (
				3BD8F47F27E44FD2001049F5 /* QiitaOauthFirstRequest.swift */,
				3BD8F48127E44FE6001049F5 /* AccessTokenGetRequest.swift */,
				3BD8F48327E4504E001049F5 /* ArticlesGetRequest.swift */,
				3BD8F48527E4507C001049F5 /* TagsGetRequest.swift */,
				3BD8F48727E450BC001049F5 /* AccessTokenDeactivateRequest.swift */,
				3BD8F48927E450E3001049F5 /* AuthUserGetRequest.swift */,
				3BD8F48B27E45104001049F5 /* AuthUserArticlesGetRequest.swift */,
			);
			path = APIRequest;
			sourceTree = "<group>";
		};
		D04599CAF0CFB2047975301D /* Pods */ = {
			isa = PBXGroup;
			children = (
				5730C412B1F57479C5FB7D83 /* Pods-QiitaClientApp.debug.xcconfig */,
				348E6EC010C5A31B6CFD057D /* Pods-QiitaClientApp.release.xcconfig */,
			);
			path = Pods;
			sourceTree = "<group>";
		};
/* End PBXGroup section */

/* Begin PBXNativeTarget section */
		3BB69B5E27AF59A400B2C0F0 /* QiitaClientApp */ = {
			isa = PBXNativeTarget;
			buildConfigurationList = 3BB69B7327AF59A600B2C0F0 /* Build configuration list for PBXNativeTarget "QiitaClientApp" */;
			buildPhases = (
				F7CFD57729925C15CF03C3BC /* [CP] Check Pods Manifest.lock */,
				3BB69B5B27AF59A400B2C0F0 /* Sources */,
				3BB69B5C27AF59A400B2C0F0 /* Frameworks */,
				3B3998A027DCCF4A00B7ACF9 /* Run Script  読み込み時のinfo.plistに.envのurlスキームを追加 */,
				3BB69B5D27AF59A400B2C0F0 /* Resources */,
				BEBBD8BFDAF9DA6CE25F93B7 /* [CP] Embed Pods Frameworks */,
				3BB69B7627B23B5C00B2C0F0 /* Run Script Swift Format/Lint */,
			);
			buildRules = (
			);
			dependencies = (
			);
			name = QiitaClientApp;
			productName = QiitaClientApp;
			productReference = 3BB69B5F27AF59A400B2C0F0 /* QiitaClientApp.app */;
			productType = "com.apple.product-type.application";
		};
/* End PBXNativeTarget section */

/* Begin PBXProject section */
		3BB69B5727AF59A400B2C0F0 /* Project object */ = {
			isa = PBXProject;
			attributes = {
				BuildIndependentTargetsInParallel = 1;
				LastSwiftUpdateCheck = 1320;
				LastUpgradeCheck = 1320;
				TargetAttributes = {
					3BB69B5E27AF59A400B2C0F0 = {
						CreatedOnToolsVersion = 13.2.1;
					};
				};
			};
			buildConfigurationList = 3BB69B5A27AF59A400B2C0F0 /* Build configuration list for PBXProject "QiitaClientApp" */;
			compatibilityVersion = "Xcode 13.0";
			developmentRegion = en;
			hasScannedForEncodings = 0;
			knownRegions = (
				en,
				Base,
				ja,
			);
			mainGroup = 3BB69B5627AF59A400B2C0F0;
			productRefGroup = 3BB69B6027AF59A400B2C0F0 /* Products */;
			projectDirPath = "";
			projectRoot = "";
			targets = (
				3BB69B5E27AF59A400B2C0F0 /* QiitaClientApp */,
			);
		};
/* End PBXProject section */

/* Begin PBXResourcesBuildPhase section */
		3BB69B5D27AF59A400B2C0F0 /* Resources */ = {
			isa = PBXResourcesBuildPhase;
			buildActionMask = 2147483647;
			files = (
				3B6EC13527B9554A00C02F65 /* Localizable.strings in Resources */,
				3B464DA627DF8C0A00AF5BAD /* UserInfoView.xib in Resources */,
				3B3529A327BBCF5900497836 /* NormalArticleCell.xib in Resources */,
				3BE0B41927E1B187009C3FAD /* LoadingIndicatorView.xib in Resources */,
				3BECE16527C765C8007AB283 /* TagCollectionCell.xib in Resources */,
				3B39989727DCC66B00B7ACF9 /* .env in Resources */,
				3BD3756827E9613600501807 /* LoginRequiredErrorView.xib in Resources */,
				3B464DAA27E02EC700AF5BAD /* PostedArticlesLabel.xib in Resources */,
				3BB69B6F27AF59A600B2C0F0 /* LaunchScreen.storyboard in Resources */,
				3B464DAE27E03E4300AF5BAD /* UserArticleCell.xib in Resources */,
				3B1FD4B827B91AF900D01974 /* Pacifico-Regular.ttf in Resources */,
				3B39989F27DCCB4100B7ACF9 /* example.env in Resources */,
				3BB69B6C27AF59A600B2C0F0 /* Assets.xcassets in Resources */,
				3BD3756227E8C5D700501807 /* NetworkErrorView.xib in Resources */,
				3BB69B6A27AF59A500B2C0F0 /* Main.storyboard in Resources */,
				3BD3756A27E9616000501807 /* NoQueryMatchErrorView.xib in Resources */,
			);
			runOnlyForDeploymentPostprocessing = 0;
		};
/* End PBXResourcesBuildPhase section */

/* Begin PBXShellScriptBuildPhase section */
		3B3998A027DCCF4A00B7ACF9 /* Run Script  読み込み時のinfo.plistに.envのurlスキームを追加 */ = {
			isa = PBXShellScriptBuildPhase;
			buildActionMask = 2147483647;
			files = (
			);
			inputFileListPaths = (
			);
			inputPaths = (
				"${TEMP_DIR}/Preprocessed-Info.plist",
			);
			name = "Run Script  読み込み時のinfo.plistに.envのurlスキームを追加";
			outputFileListPaths = (
			);
			outputPaths = (
			);
			runOnlyForDeploymentPostprocessing = 0;
			shellPath = /bin/sh;
			shellScript = "plistBuddy=\"/usr/libexec/PlistBuddy\"\ninfoPlistFileSource=\"${SRCROOT}/${INFOPLIST_FILE}\"\ninfoPlistFileDestination=\"${TEMP_DIR}/Preprocessed-Info.plist\"\n\n. ./QiitaClientApp/.env\n\n$plistBuddy -x -c \"Set :CFBundleURLTypes:0:CFBundleURLSchemes:0 ${APPLICATION_URL_SCHEME}\" \"${infoPlistFileDestination}\"\n";
		};
		3BB69B7627B23B5C00B2C0F0 /* Run Script Swift Format/Lint */ = {
			isa = PBXShellScriptBuildPhase;
			buildActionMask = 2147483647;
			files = (
			);
			inputFileListPaths = (
			);
			inputPaths = (
			);
			name = "Run Script Swift Format/Lint";
			outputFileListPaths = (
			);
			outputPaths = (
			);
			runOnlyForDeploymentPostprocessing = 0;
			shellPath = /bin/sh;
			shellScript = "# Type a script or drag a script file from your workspace to insert its path.\n\"${PODS_ROOT}/SwiftFormat/CommandLineTool/swiftformat\" . --exclude Carthage,Pods --trimwhitespace nonblank-lines --stripunusedargs closure-only --disable strongOutlets,trailingCommas --swiftversion 5.5\n\"${PODS_ROOT}/SwiftLint/swiftlint\"\n";
		};
		BEBBD8BFDAF9DA6CE25F93B7 /* [CP] Embed Pods Frameworks */ = {
			isa = PBXShellScriptBuildPhase;
			buildActionMask = 2147483647;
			files = (
			);
			inputFileListPaths = (
				"${PODS_ROOT}/Target Support Files/Pods-QiitaClientApp/Pods-QiitaClientApp-frameworks-${CONFIGURATION}-input-files.xcfilelist",
			);
			name = "[CP] Embed Pods Frameworks";
			outputFileListPaths = (
				"${PODS_ROOT}/Target Support Files/Pods-QiitaClientApp/Pods-QiitaClientApp-frameworks-${CONFIGURATION}-output-files.xcfilelist",
			);
			runOnlyForDeploymentPostprocessing = 0;
			shellPath = /bin/sh;
			shellScript = "\"${PODS_ROOT}/Target Support Files/Pods-QiitaClientApp/Pods-QiitaClientApp-frameworks.sh\"\n";
			showEnvVarsInLog = 0;
		};
		F7CFD57729925C15CF03C3BC /* [CP] Check Pods Manifest.lock */ = {
			isa = PBXShellScriptBuildPhase;
			buildActionMask = 2147483647;
			files = (
			);
			inputFileListPaths = (
			);
			inputPaths = (
				"${PODS_PODFILE_DIR_PATH}/Podfile.lock",
				"${PODS_ROOT}/Manifest.lock",
			);
			name = "[CP] Check Pods Manifest.lock";
			outputFileListPaths = (
			);
			outputPaths = (
				"$(DERIVED_FILE_DIR)/Pods-QiitaClientApp-checkManifestLockResult.txt",
			);
			runOnlyForDeploymentPostprocessing = 0;
			shellPath = /bin/sh;
			shellScript = "diff \"${PODS_PODFILE_DIR_PATH}/Podfile.lock\" \"${PODS_ROOT}/Manifest.lock\" > /dev/null\nif [ $? != 0 ] ; then\n    # print error to STDERR\n    echo \"error: The sandbox is not in sync with the Podfile.lock. Run 'pod install' or update your CocoaPods installation.\" >&2\n    exit 1\nfi\n# This output is used by Xcode 'outputs' to avoid re-running this script phase.\necho \"SUCCESS\" > \"${SCRIPT_OUTPUT_FILE_0}\"\n";
			showEnvVarsInLog = 0;
		};
/* End PBXShellScriptBuildPhase section */

/* Begin PBXSourcesBuildPhase section */
		3BB69B5B27AF59A400B2C0F0 /* Sources */ = {
			isa = PBXSourcesBuildPhase;
			buildActionMask = 2147483647;
			files = (
				3B464DAC27E02FD600AF5BAD /* PostedArticlesLabel.swift in Sources */,
				3BB69B6727AF59A400B2C0F0 /* TopLoginViewController.swift in Sources */,
				3BD8F48427E4504E001049F5 /* ArticlesGetRequest.swift in Sources */,
				3BBBB84C27D9628C009418C9 /* UIView+border.swift in Sources */,
				3BD3756C27E9618100501807 /* LoginRequiredErrorView.swift in Sources */,
				3BD8F47427E2FD15001049F5 /* FollowViewController.swift in Sources */,
				3B0DC8AE27C4703100204351 /* UITableView+registerAndDequeue.swift in Sources */,
				3B7C609E27DE422E00907C3A /* UserPageViewController.swift in Sources */,
				3BD8F48627E4507C001049F5 /* TagsGetRequest.swift in Sources */,
				3BD8F48027E44FD2001049F5 /* QiitaOauthFirstRequest.swift in Sources */,
				3B0DC8B227C475D400204351 /* NSObjectProtocol+className.swift in Sources */,
				3B60BC6A27DC6074006D3A2A /* OauthViewController.swift in Sources */,
				3B0DC89B27C45D4D00204351 /* QiitaArticle.swift in Sources */,
				3BD8F48227E44FE6001049F5 /* AccessTokenGetRequest.swift in Sources */,
				3B0DC89D27C45D8800204351 /* QiitaUser.swift in Sources */,
				3B0DC8B427C4771C00204351 /* String+localization.swift in Sources */,
				3BD8F47D27E41D56001049F5 /* LoadingIndicatorView.swift in Sources */,
				3BD3756427E9434C00501807 /* NetworkErrorView.swift in Sources */,
				3B7C609C27DE422000907C3A /* SettingsViewController.swift in Sources */,
				3BD8F48A27E450E3001049F5 /* AuthUserGetRequest.swift in Sources */,
				3B0DC8A727C465F300204351 /* Date+dateString.swift in Sources */,
				3B0DC8A527C4657800204351 /* KeyedDecodingContainer+stringToDateDecode.swift in Sources */,
				3BB69B6327AF59A400B2C0F0 /* AppDelegate.swift in Sources */,
				3B6EC12F27B94F6800C02F65 /* Segue.swift in Sources */,
				3B464DB227E0519700AF5BAD /* ArticleCell.swift in Sources */,
				3BBBB84A27D8E0EB009418C9 /* TagDetailsViewController.swift in Sources */,
				3B464DA827DF8EE100AF5BAD /* UserInfoView.swift in Sources */,
				3BD8F47B27E4147F001049F5 /* UINib+fileCache.swift in Sources */,
				3BD8F47027E2F1E1001049F5 /* URL+queryValue.swift in Sources */,
				3BE0B41D27E2CB2F009C3FAD /* BaseArticlesViewController.swift in Sources */,
				3B464DB027E03E6900AF5BAD /* UserArticleCell.swift in Sources */,
				3BD8F47227E2F2C2001049F5 /* QiitaToken.swift in Sources */,
				3BD8F47727E412D4001049F5 /* UICollectionView+registerAndDequeue.swift in Sources */,
				3B0DC8AC27C469BF00204351 /* ArticleViewController.swift in Sources */,
				3BBAB30027D7505400DD978E /* TagCollectionCell.swift in Sources */,
				3B35299F27BB401700497836 /* StoryboardUI+localization.swift in Sources */,
				3B6EC12C27B94EB900C02F65 /* SegueHandlerType.swift in Sources */,
				3BD8F48827E450BC001049F5 /* AccessTokenDeactivateRequest.swift in Sources */,
				3B0DC89F27C45DCC00204351 /* QiitaAPIRequest.swift in Sources */,
				3B464DA427DEF33D00AF5BAD /* MainTabBarController.swift in Sources */,
				3BD8F48C27E45104001049F5 /* AuthUserArticlesGetRequest.swift in Sources */,
				3BB69B6527AF59A400B2C0F0 /* SceneDelegate.swift in Sources */,
				3B0DC8AA27C4662300204351 /* UIImageView+cacheImage.swift in Sources */,
				3BD3756E27E9619300501807 /* NoQueryMatchErrorView.swift in Sources */,
				3BBAB2FC27D5D87600DD978E /* TagsViewController.swift in Sources */,
				3BE0B41B27E2C8F5009C3FAD /* QiitaAccessToken.swift in Sources */,
				3BBAB2FE27D5DA5800DD978E /* QiitaTag.swift in Sources */,
				3B3529A127BBC13A00497836 /* FeedViewController.swift in Sources */,
				3BD8F47927E41441001049F5 /* UIStoryboard+instantiateVC.swift in Sources */,
				3B0DC8A327C4651000204351 /* NormalArticleCell.swift in Sources */,
			);
			runOnlyForDeploymentPostprocessing = 0;
		};
/* End PBXSourcesBuildPhase section */

/* Begin PBXVariantGroup section */
		3B6EC13727B9554A00C02F65 /* Localizable.strings */ = {
			isa = PBXVariantGroup;
			children = (
				3B6EC13627B9554A00C02F65 /* ja */,
				3BB9416F27B9C5EC00D1249D /* en */,
			);
			name = Localizable.strings;
			sourceTree = "<group>";
		};
		3BB69B6827AF59A500B2C0F0 /* Main.storyboard */ = {
			isa = PBXVariantGroup;
			children = (
				3BB69B6927AF59A500B2C0F0 /* Base */,
			);
			name = Main.storyboard;
			sourceTree = "<group>";
		};
		3BB69B6D27AF59A600B2C0F0 /* LaunchScreen.storyboard */ = {
			isa = PBXVariantGroup;
			children = (
				3BB69B6E27AF59A600B2C0F0 /* Base */,
			);
			name = LaunchScreen.storyboard;
			sourceTree = "<group>";
		};
/* End PBXVariantGroup section */

/* Begin XCBuildConfiguration section */
		3BB69B7127AF59A600B2C0F0 /* Debug */ = {
			isa = XCBuildConfiguration;
			buildSettings = {
				ALWAYS_SEARCH_USER_PATHS = NO;
				CLANG_ANALYZER_LOCALIZABILITY_NONLOCALIZED = YES;
				CLANG_ANALYZER_NONNULL = YES;
				CLANG_ANALYZER_NUMBER_OBJECT_CONVERSION = YES_AGGRESSIVE;
				CLANG_CXX_LANGUAGE_STANDARD = "gnu++17";
				CLANG_CXX_LIBRARY = "libc++";
				CLANG_ENABLE_MODULES = YES;
				CLANG_ENABLE_OBJC_ARC = YES;
				CLANG_ENABLE_OBJC_WEAK = YES;
				CLANG_WARN_BLOCK_CAPTURE_AUTORELEASING = YES;
				CLANG_WARN_BOOL_CONVERSION = YES;
				CLANG_WARN_COMMA = YES;
				CLANG_WARN_CONSTANT_CONVERSION = YES;
				CLANG_WARN_DEPRECATED_OBJC_IMPLEMENTATIONS = YES;
				CLANG_WARN_DIRECT_OBJC_ISA_USAGE = YES_ERROR;
				CLANG_WARN_DOCUMENTATION_COMMENTS = YES;
				CLANG_WARN_EMPTY_BODY = YES;
				CLANG_WARN_ENUM_CONVERSION = YES;
				CLANG_WARN_INFINITE_RECURSION = YES;
				CLANG_WARN_INT_CONVERSION = YES;
				CLANG_WARN_NON_LITERAL_NULL_CONVERSION = YES;
				CLANG_WARN_OBJC_IMPLICIT_RETAIN_SELF = YES;
				CLANG_WARN_OBJC_LITERAL_CONVERSION = YES;
				CLANG_WARN_OBJC_ROOT_CLASS = YES_ERROR;
				CLANG_WARN_QUOTED_INCLUDE_IN_FRAMEWORK_HEADER = YES;
				CLANG_WARN_RANGE_LOOP_ANALYSIS = YES;
				CLANG_WARN_STRICT_PROTOTYPES = YES;
				CLANG_WARN_SUSPICIOUS_MOVE = YES;
				CLANG_WARN_UNGUARDED_AVAILABILITY = YES_AGGRESSIVE;
				CLANG_WARN_UNREACHABLE_CODE = YES;
				CLANG_WARN__DUPLICATE_METHOD_MATCH = YES;
				COPY_PHASE_STRIP = NO;
				DEBUG_INFORMATION_FORMAT = dwarf;
				ENABLE_STRICT_OBJC_MSGSEND = YES;
				ENABLE_TESTABILITY = YES;
				GCC_C_LANGUAGE_STANDARD = gnu11;
				GCC_DYNAMIC_NO_PIC = NO;
				GCC_NO_COMMON_BLOCKS = YES;
				GCC_OPTIMIZATION_LEVEL = 0;
				GCC_PREPROCESSOR_DEFINITIONS = (
					"DEBUG=1",
					"$(inherited)",
				);
				GCC_WARN_64_TO_32_BIT_CONVERSION = YES;
				GCC_WARN_ABOUT_RETURN_TYPE = YES_ERROR;
				GCC_WARN_UNDECLARED_SELECTOR = YES;
				GCC_WARN_UNINITIALIZED_AUTOS = YES_AGGRESSIVE;
				GCC_WARN_UNUSED_FUNCTION = YES;
				GCC_WARN_UNUSED_VARIABLE = YES;
				INFOPLIST_PREPROCESS = NO;
				IPHONEOS_DEPLOYMENT_TARGET = 15.2;
				MTL_ENABLE_DEBUG_INFO = INCLUDE_SOURCE;
				MTL_FAST_MATH = YES;
				ONLY_ACTIVE_ARCH = YES;
				SDKROOT = iphoneos;
				SWIFT_ACTIVE_COMPILATION_CONDITIONS = DEBUG;
				SWIFT_OPTIMIZATION_LEVEL = "-Onone";
			};
			name = Debug;
		};
		3BB69B7227AF59A600B2C0F0 /* Release */ = {
			isa = XCBuildConfiguration;
			buildSettings = {
				ALWAYS_SEARCH_USER_PATHS = NO;
				CLANG_ANALYZER_LOCALIZABILITY_NONLOCALIZED = YES;
				CLANG_ANALYZER_NONNULL = YES;
				CLANG_ANALYZER_NUMBER_OBJECT_CONVERSION = YES_AGGRESSIVE;
				CLANG_CXX_LANGUAGE_STANDARD = "gnu++17";
				CLANG_CXX_LIBRARY = "libc++";
				CLANG_ENABLE_MODULES = YES;
				CLANG_ENABLE_OBJC_ARC = YES;
				CLANG_ENABLE_OBJC_WEAK = YES;
				CLANG_WARN_BLOCK_CAPTURE_AUTORELEASING = YES;
				CLANG_WARN_BOOL_CONVERSION = YES;
				CLANG_WARN_COMMA = YES;
				CLANG_WARN_CONSTANT_CONVERSION = YES;
				CLANG_WARN_DEPRECATED_OBJC_IMPLEMENTATIONS = YES;
				CLANG_WARN_DIRECT_OBJC_ISA_USAGE = YES_ERROR;
				CLANG_WARN_DOCUMENTATION_COMMENTS = YES;
				CLANG_WARN_EMPTY_BODY = YES;
				CLANG_WARN_ENUM_CONVERSION = YES;
				CLANG_WARN_INFINITE_RECURSION = YES;
				CLANG_WARN_INT_CONVERSION = YES;
				CLANG_WARN_NON_LITERAL_NULL_CONVERSION = YES;
				CLANG_WARN_OBJC_IMPLICIT_RETAIN_SELF = YES;
				CLANG_WARN_OBJC_LITERAL_CONVERSION = YES;
				CLANG_WARN_OBJC_ROOT_CLASS = YES_ERROR;
				CLANG_WARN_QUOTED_INCLUDE_IN_FRAMEWORK_HEADER = YES;
				CLANG_WARN_RANGE_LOOP_ANALYSIS = YES;
				CLANG_WARN_STRICT_PROTOTYPES = YES;
				CLANG_WARN_SUSPICIOUS_MOVE = YES;
				CLANG_WARN_UNGUARDED_AVAILABILITY = YES_AGGRESSIVE;
				CLANG_WARN_UNREACHABLE_CODE = YES;
				CLANG_WARN__DUPLICATE_METHOD_MATCH = YES;
				COPY_PHASE_STRIP = NO;
				DEBUG_INFORMATION_FORMAT = "dwarf-with-dsym";
				ENABLE_NS_ASSERTIONS = NO;
				ENABLE_STRICT_OBJC_MSGSEND = YES;
				GCC_C_LANGUAGE_STANDARD = gnu11;
				GCC_NO_COMMON_BLOCKS = YES;
				GCC_WARN_64_TO_32_BIT_CONVERSION = YES;
				GCC_WARN_ABOUT_RETURN_TYPE = YES_ERROR;
				GCC_WARN_UNDECLARED_SELECTOR = YES;
				GCC_WARN_UNINITIALIZED_AUTOS = YES_AGGRESSIVE;
				GCC_WARN_UNUSED_FUNCTION = YES;
				GCC_WARN_UNUSED_VARIABLE = YES;
				INFOPLIST_PREPROCESS = NO;
				IPHONEOS_DEPLOYMENT_TARGET = 15.2;
				MTL_ENABLE_DEBUG_INFO = NO;
				MTL_FAST_MATH = YES;
				SDKROOT = iphoneos;
				SWIFT_COMPILATION_MODE = wholemodule;
				SWIFT_OPTIMIZATION_LEVEL = "-O";
				VALIDATE_PRODUCT = YES;
			};
			name = Release;
		};
		3BB69B7427AF59A600B2C0F0 /* Debug */ = {
			isa = XCBuildConfiguration;
			baseConfigurationReference = 5730C412B1F57479C5FB7D83 /* Pods-QiitaClientApp.debug.xcconfig */;
			buildSettings = {
				ASSETCATALOG_COMPILER_APPICON_NAME = AppIcon;
				ASSETCATALOG_COMPILER_GLOBAL_ACCENT_COLOR_NAME = AccentColor;
				CODE_SIGN_STYLE = Automatic;
				CURRENT_PROJECT_VERSION = 1;
				DEVELOPMENT_TEAM = XP5D88GJTA;
				GENERATE_INFOPLIST_FILE = YES;
				INFOPLIST_FILE = QiitaClientApp/Info.plist;
				INFOPLIST_KEY_UIApplicationSupportsIndirectInputEvents = YES;
				INFOPLIST_KEY_UILaunchStoryboardName = LaunchScreen;
				INFOPLIST_KEY_UIMainStoryboardFile = Main;
				INFOPLIST_KEY_UISupportedInterfaceOrientations_iPad = "UIInterfaceOrientationPortrait UIInterfaceOrientationPortraitUpsideDown UIInterfaceOrientationLandscapeLeft UIInterfaceOrientationLandscapeRight";
				INFOPLIST_KEY_UISupportedInterfaceOrientations_iPhone = "UIInterfaceOrientationPortrait UIInterfaceOrientationLandscapeLeft UIInterfaceOrientationLandscapeRight";
				INFOPLIST_PREPROCESS = YES;
				LD_RUNPATH_SEARCH_PATHS = (
					"$(inherited)",
					"@executable_path/Frameworks",
				);
				MARKETING_VERSION = 1.0;
				PRODUCT_BUNDLE_IDENTIFIER = "jp.tak848.playground.ios-qiita-client";
				PRODUCT_NAME = "$(TARGET_NAME)";
				SWIFT_EMIT_LOC_STRINGS = YES;
				SWIFT_VERSION = 5.0;
				TARGETED_DEVICE_FAMILY = "1,2";
			};
			name = Debug;
		};
		3BB69B7527AF59A600B2C0F0 /* Release */ = {
			isa = XCBuildConfiguration;
			baseConfigurationReference = 348E6EC010C5A31B6CFD057D /* Pods-QiitaClientApp.release.xcconfig */;
			buildSettings = {
				ASSETCATALOG_COMPILER_APPICON_NAME = AppIcon;
				ASSETCATALOG_COMPILER_GLOBAL_ACCENT_COLOR_NAME = AccentColor;
				CODE_SIGN_STYLE = Automatic;
				CURRENT_PROJECT_VERSION = 1;
				DEVELOPMENT_TEAM = XP5D88GJTA;
				GENERATE_INFOPLIST_FILE = YES;
				INFOPLIST_FILE = QiitaClientApp/Info.plist;
				INFOPLIST_KEY_UIApplicationSupportsIndirectInputEvents = YES;
				INFOPLIST_KEY_UILaunchStoryboardName = LaunchScreen;
				INFOPLIST_KEY_UIMainStoryboardFile = Main;
				INFOPLIST_KEY_UISupportedInterfaceOrientations_iPad = "UIInterfaceOrientationPortrait UIInterfaceOrientationPortraitUpsideDown UIInterfaceOrientationLandscapeLeft UIInterfaceOrientationLandscapeRight";
				INFOPLIST_KEY_UISupportedInterfaceOrientations_iPhone = "UIInterfaceOrientationPortrait UIInterfaceOrientationLandscapeLeft UIInterfaceOrientationLandscapeRight";
				INFOPLIST_PREPROCESS = YES;
				LD_RUNPATH_SEARCH_PATHS = (
					"$(inherited)",
					"@executable_path/Frameworks",
				);
				MARKETING_VERSION = 1.0;
				PRODUCT_BUNDLE_IDENTIFIER = "jp.tak848.playground.ios-qiita-client";
				PRODUCT_NAME = "$(TARGET_NAME)";
				SWIFT_EMIT_LOC_STRINGS = YES;
				SWIFT_VERSION = 5.0;
				TARGETED_DEVICE_FAMILY = "1,2";
			};
			name = Release;
		};
/* End XCBuildConfiguration section */

/* Begin XCConfigurationList section */
		3BB69B5A27AF59A400B2C0F0 /* Build configuration list for PBXProject "QiitaClientApp" */ = {
			isa = XCConfigurationList;
			buildConfigurations = (
				3BB69B7127AF59A600B2C0F0 /* Debug */,
				3BB69B7227AF59A600B2C0F0 /* Release */,
			);
			defaultConfigurationIsVisible = 0;
			defaultConfigurationName = Release;
		};
		3BB69B7327AF59A600B2C0F0 /* Build configuration list for PBXNativeTarget "QiitaClientApp" */ = {
			isa = XCConfigurationList;
			buildConfigurations = (
				3BB69B7427AF59A600B2C0F0 /* Debug */,
				3BB69B7527AF59A600B2C0F0 /* Release */,
			);
			defaultConfigurationIsVisible = 0;
			defaultConfigurationName = Release;
		};
/* End XCConfigurationList section */
	};
	rootObject = 3BB69B5727AF59A400B2C0F0 /* Project object */;
}
