// !$*UTF8*$!
{
	archiveVersion = 1;
	classes = {
	};
	objectVersion = 50;
	objects = {

/* Begin PBXBuildFile section */
		FF904DFB24EB946B00DC0DE0 /* AppDelegate.swift in Sources */ = {isa = PBXBuildFile; fileRef = FF904DFA24EB946B00DC0DE0 /* AppDelegate.swift */; };
		FF904DFD24EB946B00DC0DE0 /* SceneDelegate.swift in Sources */ = {isa = PBXBuildFile; fileRef = FF904DFC24EB946B00DC0DE0 /* SceneDelegate.swift */; };
		FF904DFF24EB946B00DC0DE0 /* ViewController.swift in Sources */ = {isa = PBXBuildFile; fileRef = FF904DFE24EB946B00DC0DE0 /* ViewController.swift */; };
		FF904E0224EB946B00DC0DE0 /* Main.storyboard in Resources */ = {isa = PBXBuildFile; fileRef = FF904E0024EB946B00DC0DE0 /* Main.storyboard */; };
		FF904E0424EB946C00DC0DE0 /* Assets.xcassets in Resources */ = {isa = PBXBuildFile; fileRef = FF904E0324EB946C00DC0DE0 /* Assets.xcassets */; };
		FF904E0724EB946C00DC0DE0 /* LaunchScreen.storyboard in Resources */ = {isa = PBXBuildFile; fileRef = FF904E0524EB946C00DC0DE0 /* LaunchScreen.storyboard */; };
		FF904E1224EB946C00DC0DE0 /* kadai05Tests.swift in Sources */ = {isa = PBXBuildFile; fileRef = FF904E1124EB946C00DC0DE0 /* kadai05Tests.swift */; };
		FF904E1D24EB946C00DC0DE0 /* kadai05UITests.swift in Sources */ = {isa = PBXBuildFile; fileRef = FF904E1C24EB946C00DC0DE0 /* kadai05UITests.swift */; };
		FF904E2B24EB94F500DC0DE0 /* UIView+Border.swift in Sources */ = {isa = PBXBuildFile; fileRef = FF904E2A24EB94F500DC0DE0 /* UIView+Border.swift */; };
/* End PBXBuildFile section */

/* Begin PBXContainerItemProxy section */
		FF904E0E24EB946C00DC0DE0 /* PBXContainerItemProxy */ = {
			isa = PBXContainerItemProxy;
			containerPortal = FF904DEF24EB946B00DC0DE0 /* Project object */;
			proxyType = 1;
			remoteGlobalIDString = FF904DF624EB946B00DC0DE0;
			remoteInfo = kadai05;
		};
		FF904E1924EB946C00DC0DE0 /* PBXContainerItemProxy */ = {
			isa = PBXContainerItemProxy;
			containerPortal = FF904DEF24EB946B00DC0DE0 /* Project object */;
			proxyType = 1;
			remoteGlobalIDString = FF904DF624EB946B00DC0DE0;
			remoteInfo = kadai05;
		};
/* End PBXContainerItemProxy section */

/* Begin PBXFileReference section */
		FF904DF724EB946B00DC0DE0 /* kadai05.app */ = {isa = PBXFileReference; explicitFileType = wrapper.application; includeInIndex = 0; path = kadai05.app; sourceTree = BUILT_PRODUCTS_DIR; };
		FF904DFA24EB946B00DC0DE0 /* AppDelegate.swift */ = {isa = PBXFileReference; lastKnownFileType = sourcecode.swift; path = AppDelegate.swift; sourceTree = "<group>"; };
		FF904DFC24EB946B00DC0DE0 /* SceneDelegate.swift */ = {isa = PBXFileReference; lastKnownFileType = sourcecode.swift; path = SceneDelegate.swift; sourceTree = "<group>"; };
		FF904DFE24EB946B00DC0DE0 /* ViewController.swift */ = {isa = PBXFileReference; lastKnownFileType = sourcecode.swift; path = ViewController.swift; sourceTree = "<group>"; };
		FF904E0124EB946B00DC0DE0 /* Base */ = {isa = PBXFileReference; lastKnownFileType = file.storyboard; name = Base; path = Base.lproj/Main.storyboard; sourceTree = "<group>"; };
		FF904E0324EB946C00DC0DE0 /* Assets.xcassets */ = {isa = PBXFileReference; lastKnownFileType = folder.assetcatalog; path = Assets.xcassets; sourceTree = "<group>"; };
		FF904E0624EB946C00DC0DE0 /* Base */ = {isa = PBXFileReference; lastKnownFileType = file.storyboard; name = Base; path = Base.lproj/LaunchScreen.storyboard; sourceTree = "<group>"; };
		FF904E0824EB946C00DC0DE0 /* Info.plist */ = {isa = PBXFileReference; lastKnownFileType = text.plist.xml; path = Info.plist; sourceTree = "<group>"; };
		FF904E0D24EB946C00DC0DE0 /* kadai05Tests.xctest */ = {isa = PBXFileReference; explicitFileType = wrapper.cfbundle; includeInIndex = 0; path = kadai05Tests.xctest; sourceTree = BUILT_PRODUCTS_DIR; };
		FF904E1124EB946C00DC0DE0 /* kadai05Tests.swift */ = {isa = PBXFileReference; lastKnownFileType = sourcecode.swift; path = kadai05Tests.swift; sourceTree = "<group>"; };
		FF904E1324EB946C00DC0DE0 /* Info.plist */ = {isa = PBXFileReference; lastKnownFileType = text.plist.xml; path = Info.plist; sourceTree = "<group>"; };
		FF904E1824EB946C00DC0DE0 /* kadai05UITests.xctest */ = {isa = PBXFileReference; explicitFileType = wrapper.cfbundle; includeInIndex = 0; path = kadai05UITests.xctest; sourceTree = BUILT_PRODUCTS_DIR; };
		FF904E1C24EB946C00DC0DE0 /* kadai05UITests.swift */ = {isa = PBXFileReference; lastKnownFileType = sourcecode.swift; path = kadai05UITests.swift; sourceTree = "<group>"; };
		FF904E1E24EB946C00DC0DE0 /* Info.plist */ = {isa = PBXFileReference; lastKnownFileType = text.plist.xml; path = Info.plist; sourceTree = "<group>"; };
		FF904E2A24EB94F500DC0DE0 /* UIView+Border.swift */ = {isa = PBXFileReference; fileEncoding = 4; lastKnownFileType = sourcecode.swift; path = "UIView+Border.swift"; sourceTree = "<group>"; };
/* End PBXFileReference section */

/* Begin PBXFrameworksBuildPhase section */
		FF904DF424EB946B00DC0DE0 /* Frameworks */ = {
			isa = PBXFrameworksBuildPhase;
			buildActionMask = 2147483647;
			files = (
			);
			runOnlyForDeploymentPostprocessing = 0;
		};
		FF904E0A24EB946C00DC0DE0 /* Frameworks */ = {
			isa = PBXFrameworksBuildPhase;
			buildActionMask = 2147483647;
			files = (
			);
			runOnlyForDeploymentPostprocessing = 0;
		};
		FF904E1524EB946C00DC0DE0 /* Frameworks */ = {
			isa = PBXFrameworksBuildPhase;
			buildActionMask = 2147483647;
			files = (
			);
			runOnlyForDeploymentPostprocessing = 0;
		};
/* End PBXFrameworksBuildPhase section */

/* Begin PBXGroup section */
		FF904DEE24EB946B00DC0DE0 = {
			isa = PBXGroup;
			children = (
				FF904DF924EB946B00DC0DE0 /* kadai05 */,
				FF904E1024EB946C00DC0DE0 /* kadai05Tests */,
				FF904E1B24EB946C00DC0DE0 /* kadai05UITests */,
				FF904DF824EB946B00DC0DE0 /* Products */,
			);
			sourceTree = "<group>";
		};
		FF904DF824EB946B00DC0DE0 /* Products */ = {
			isa = PBXGroup;
			children = (
				FF904DF724EB946B00DC0DE0 /* kadai05.app */,
				FF904E0D24EB946C00DC0DE0 /* kadai05Tests.xctest */,
				FF904E1824EB946C00DC0DE0 /* kadai05UITests.xctest */,
			);
			name = Products;
			sourceTree = "<group>";
		};
		FF904DF924EB946B00DC0DE0 /* kadai05 */ = {
			isa = PBXGroup;
			children = (
				FF904DFA24EB946B00DC0DE0 /* AppDelegate.swift */,
				FF904DFC24EB946B00DC0DE0 /* SceneDelegate.swift */,
				FF904DFE24EB946B00DC0DE0 /* ViewController.swift */,
				FF904E2A24EB94F500DC0DE0 /* UIView+Border.swift */,
				FF904E0024EB946B00DC0DE0 /* Main.storyboard */,
				FF904E0324EB946C00DC0DE0 /* Assets.xcassets */,
				FF904E0524EB946C00DC0DE0 /* LaunchScreen.storyboard */,
				FF904E0824EB946C00DC0DE0 /* Info.plist */,
			);
			path = kadai05;
			sourceTree = "<group>";
		};
		FF904E1024EB946C00DC0DE0 /* kadai05Tests */ = {
			isa = PBXGroup;
			children = (
				FF904E1124EB946C00DC0DE0 /* kadai05Tests.swift */,
				FF904E1324EB946C00DC0DE0 /* Info.plist */,
			);
			path = kadai05Tests;
			sourceTree = "<group>";
		};
		FF904E1B24EB946C00DC0DE0 /* kadai05UITests */ = {
			isa = PBXGroup;
			children = (
				FF904E1C24EB946C00DC0DE0 /* kadai05UITests.swift */,
				FF904E1E24EB946C00DC0DE0 /* Info.plist */,
			);
			path = kadai05UITests;
			sourceTree = "<group>";
		};
/* End PBXGroup section */

/* Begin PBXNativeTarget section */
		FF904DF624EB946B00DC0DE0 /* kadai05 */ = {
			isa = PBXNativeTarget;
			buildConfigurationList = FF904E2124EB946C00DC0DE0 /* Build configuration list for PBXNativeTarget "kadai05" */;
			buildPhases = (
				FF904DF324EB946B00DC0DE0 /* Sources */,
				FF904DF424EB946B00DC0DE0 /* Frameworks */,
				FF904DF524EB946B00DC0DE0 /* Resources */,
			);
			buildRules = (
			);
			dependencies = (
			);
			name = kadai05;
			productName = kadai05;
			productReference = FF904DF724EB946B00DC0DE0 /* kadai05.app */;
			productType = "com.apple.product-type.application";
		};
		FF904E0C24EB946C00DC0DE0 /* kadai05Tests */ = {
			isa = PBXNativeTarget;
			buildConfigurationList = FF904E2424EB946C00DC0DE0 /* Build configuration list for PBXNativeTarget "kadai05Tests" */;
			buildPhases = (
				FF904E0924EB946C00DC0DE0 /* Sources */,
				FF904E0A24EB946C00DC0DE0 /* Frameworks */,
				FF904E0B24EB946C00DC0DE0 /* Resources */,
			);
			buildRules = (
			);
			dependencies = (
				FF904E0F24EB946C00DC0DE0 /* PBXTargetDependency */,
			);
			name = kadai05Tests;
			productName = kadai05Tests;
			productReference = FF904E0D24EB946C00DC0DE0 /* kadai05Tests.xctest */;
			productType = "com.apple.product-type.bundle.unit-test";
		};
		FF904E1724EB946C00DC0DE0 /* kadai05UITests */ = {
			isa = PBXNativeTarget;
			buildConfigurationList = FF904E2724EB946C00DC0DE0 /* Build configuration list for PBXNativeTarget "kadai05UITests" */;
			buildPhases = (
				FF904E1424EB946C00DC0DE0 /* Sources */,
				FF904E1524EB946C00DC0DE0 /* Frameworks */,
				FF904E1624EB946C00DC0DE0 /* Resources */,
			);
			buildRules = (
			);
			dependencies = (
				FF904E1A24EB946C00DC0DE0 /* PBXTargetDependency */,
			);
			name = kadai05UITests;
			productName = kadai05UITests;
			productReference = FF904E1824EB946C00DC0DE0 /* kadai05UITests.xctest */;
			productType = "com.apple.product-type.bundle.ui-testing";
		};
/* End PBXNativeTarget section */

/* Begin PBXProject section */
		FF904DEF24EB946B00DC0DE0 /* Project object */ = {
			isa = PBXProject;
			attributes = {
				LastSwiftUpdateCheck = 1160;
				LastUpgradeCheck = 1160;
				ORGANIZATIONNAME = "shinonome, inc.";
				TargetAttributes = {
					FF904DF624EB946B00DC0DE0 = {
						CreatedOnToolsVersion = 11.6;
					};
					FF904E0C24EB946C00DC0DE0 = {
						CreatedOnToolsVersion = 11.6;
						TestTargetID = FF904DF624EB946B00DC0DE0;
					};
					FF904E1724EB946C00DC0DE0 = {
						CreatedOnToolsVersion = 11.6;
						TestTargetID = FF904DF624EB946B00DC0DE0;
					};
				};
			};
			buildConfigurationList = FF904DF224EB946B00DC0DE0 /* Build configuration list for PBXProject "kadai05" */;
			compatibilityVersion = "Xcode 9.3";
			developmentRegion = en;
			hasScannedForEncodings = 0;
			knownRegions = (
				en,
				Base,
			);
			mainGroup = FF904DEE24EB946B00DC0DE0;
			productRefGroup = FF904DF824EB946B00DC0DE0 /* Products */;
			projectDirPath = "";
			projectRoot = "";
			targets = (
				FF904DF624EB946B00DC0DE0 /* kadai05 */,
				FF904E0C24EB946C00DC0DE0 /* kadai05Tests */,
				FF904E1724EB946C00DC0DE0 /* kadai05UITests */,
			);
		};
/* End PBXProject section */

/* Begin PBXResourcesBuildPhase section */
		FF904DF524EB946B00DC0DE0 /* Resources */ = {
			isa = PBXResourcesBuildPhase;
			buildActionMask = 2147483647;
			files = (
				FF904E0724EB946C00DC0DE0 /* LaunchScreen.storyboard in Resources */,
				FF904E0424EB946C00DC0DE0 /* Assets.xcassets in Resources */,
				FF904E0224EB946B00DC0DE0 /* Main.storyboard in Resources */,
			);
			runOnlyForDeploymentPostprocessing = 0;
		};
		FF904E0B24EB946C00DC0DE0 /* Resources */ = {
			isa = PBXResourcesBuildPhase;
			buildActionMask = 2147483647;
			files = (
			);
			runOnlyForDeploymentPostprocessing = 0;
		};
		FF904E1624EB946C00DC0DE0 /* Resources */ = {
			isa = PBXResourcesBuildPhase;
			buildActionMask = 2147483647;
			files = (
			);
			runOnlyForDeploymentPostprocessing = 0;
		};
/* End PBXResourcesBuildPhase section */

/* Begin PBXSourcesBuildPhase section */
		FF904DF324EB946B00DC0DE0 /* Sources */ = {
			isa = PBXSourcesBuildPhase;
			buildActionMask = 2147483647;
			files = (
				FF904E2B24EB94F500DC0DE0 /* UIView+Border.swift in Sources */,
				FF904DFF24EB946B00DC0DE0 /* ViewController.swift in Sources */,
				FF904DFB24EB946B00DC0DE0 /* AppDelegate.swift in Sources */,
				FF904DFD24EB946B00DC0DE0 /* SceneDelegate.swift in Sources */,
			);
			runOnlyForDeploymentPostprocessing = 0;
		};
		FF904E0924EB946C00DC0DE0 /* Sources */ = {
			isa = PBXSourcesBuildPhase;
			buildActionMask = 2147483647;
			files = (
				FF904E1224EB946C00DC0DE0 /* kadai05Tests.swift in Sources */,
			);
			runOnlyForDeploymentPostprocessing = 0;
		};
		FF904E1424EB946C00DC0DE0 /* Sources */ = {
			isa = PBXSourcesBuildPhase;
			buildActionMask = 2147483647;
			files = (
				FF904E1D24EB946C00DC0DE0 /* kadai05UITests.swift in Sources */,
			);
			runOnlyForDeploymentPostprocessing = 0;
		};
/* End PBXSourcesBuildPhase section */

/* Begin PBXTargetDependency section */
		FF904E0F24EB946C00DC0DE0 /* PBXTargetDependency */ = {
			isa = PBXTargetDependency;
			target = FF904DF624EB946B00DC0DE0 /* kadai05 */;
			targetProxy = FF904E0E24EB946C00DC0DE0 /* PBXContainerItemProxy */;
		};
		FF904E1A24EB946C00DC0DE0 /* PBXTargetDependency */ = {
			isa = PBXTargetDependency;
			target = FF904DF624EB946B00DC0DE0 /* kadai05 */;
			targetProxy = FF904E1924EB946C00DC0DE0 /* PBXContainerItemProxy */;
		};
/* End PBXTargetDependency section */

/* Begin PBXVariantGroup section */
		FF904E0024EB946B00DC0DE0 /* Main.storyboard */ = {
			isa = PBXVariantGroup;
			children = (
				FF904E0124EB946B00DC0DE0 /* Base */,
			);
			name = Main.storyboard;
			sourceTree = "<group>";
		};
		FF904E0524EB946C00DC0DE0 /* LaunchScreen.storyboard */ = {
			isa = PBXVariantGroup;
			children = (
				FF904E0624EB946C00DC0DE0 /* Base */,
			);
			name = LaunchScreen.storyboard;
			sourceTree = "<group>";
		};
/* End PBXVariantGroup section */

/* Begin XCBuildConfiguration section */
		FF904E1F24EB946C00DC0DE0 /* Debug */ = {
			isa = XCBuildConfiguration;
			buildSettings = {
				ALWAYS_SEARCH_USER_PATHS = NO;
				CLANG_ANALYZER_NONNULL = YES;
				CLANG_ANALYZER_NUMBER_OBJECT_CONVERSION = YES_AGGRESSIVE;
				CLANG_CXX_LANGUAGE_STANDARD = "gnu++14";
				CLANG_CXX_LIBRARY = "libc++";
				CLANG_ENABLE_MODULES = YES;
				CLANG_ENABLE_OBJC_ARC = YES;
				CLANG_ENABLE_OBJC_WEAK = YES;
				CLANG_WARN_BLOCK_CAPTURE_AUTORELEASING = YES;
				CLANG_WARN_BOOL_CONVERSION = YES;
				CLANG_WARN_COMMA = YES;
				CLANG_WARN_CONSTANT_CONVERSION = YES;
				CLANG_WARN_DEPRECATED_OBJC_IMPLEMENTATIONS = YES;
				CLANG_WARN_DIRECT_OBJC_ISA_USAGE = YES_ERROR;
				CLANG_WARN_DOCUMENTATION_COMMENTS = YES;
				CLANG_WARN_EMPTY_BODY = YES;
				CLANG_WARN_ENUM_CONVERSION = YES;
				CLANG_WARN_INFINITE_RECURSION = YES;
				CLANG_WARN_INT_CONVERSION = YES;
				CLANG_WARN_NON_LITERAL_NULL_CONVERSION = YES;
				CLANG_WARN_OBJC_IMPLICIT_RETAIN_SELF = YES;
				CLANG_WARN_OBJC_LITERAL_CONVERSION = YES;
				CLANG_WARN_OBJC_ROOT_CLASS = YES_ERROR;
				CLANG_WARN_RANGE_LOOP_ANALYSIS = YES;
				CLANG_WARN_STRICT_PROTOTYPES = YES;
				CLANG_WARN_SUSPICIOUS_MOVE = YES;
				CLANG_WARN_UNGUARDED_AVAILABILITY = YES_AGGRESSIVE;
				CLANG_WARN_UNREACHABLE_CODE = YES;
				CLANG_WARN__DUPLICATE_METHOD_MATCH = YES;
				COPY_PHASE_STRIP = NO;
				DEBUG_INFORMATION_FORMAT = dwarf;
				ENABLE_STRICT_OBJC_MSGSEND = YES;
				ENABLE_TESTABILITY = YES;
				GCC_C_LANGUAGE_STANDARD = gnu11;
				GCC_DYNAMIC_NO_PIC = NO;
				GCC_NO_COMMON_BLOCKS = YES;
				GCC_OPTIMIZATION_LEVEL = 0;
				GCC_PREPROCESSOR_DEFINITIONS = (
					"DEBUG=1",
					"$(inherited)",
				);
				GCC_WARN_64_TO_32_BIT_CONVERSION = YES;
				GCC_WARN_ABOUT_RETURN_TYPE = YES_ERROR;
				GCC_WARN_UNDECLARED_SELECTOR = YES;
				GCC_WARN_UNINITIALIZED_AUTOS = YES_AGGRESSIVE;
				GCC_WARN_UNUSED_FUNCTION = YES;
				GCC_WARN_UNUSED_VARIABLE = YES;
				IPHONEOS_DEPLOYMENT_TARGET = 13.6;
				MTL_ENABLE_DEBUG_INFO = INCLUDE_SOURCE;
				MTL_FAST_MATH = YES;
				ONLY_ACTIVE_ARCH = YES;
				SDKROOT = iphoneos;
				SWIFT_ACTIVE_COMPILATION_CONDITIONS = DEBUG;
				SWIFT_OPTIMIZATION_LEVEL = "-Onone";
			};
			name = Debug;
		};
		FF904E2024EB946C00DC0DE0 /* Release */ = {
			isa = XCBuildConfiguration;
			buildSettings = {
				ALWAYS_SEARCH_USER_PATHS = NO;
				CLANG_ANALYZER_NONNULL = YES;
				CLANG_ANALYZER_NUMBER_OBJECT_CONVERSION = YES_AGGRESSIVE;
				CLANG_CXX_LANGUAGE_STANDARD = "gnu++14";
				CLANG_CXX_LIBRARY = "libc++";
				CLANG_ENABLE_MODULES = YES;
				CLANG_ENABLE_OBJC_ARC = YES;
				CLANG_ENABLE_OBJC_WEAK = YES;
				CLANG_WARN_BLOCK_CAPTURE_AUTORELEASING = YES;
				CLANG_WARN_BOOL_CONVERSION = YES;
				CLANG_WARN_COMMA = YES;
				CLANG_WARN_CONSTANT_CONVERSION = YES;
				CLANG_WARN_DEPRECATED_OBJC_IMPLEMENTATIONS = YES;
				CLANG_WARN_DIRECT_OBJC_ISA_USAGE = YES_ERROR;
				CLANG_WARN_DOCUMENTATION_COMMENTS = YES;
				CLANG_WARN_EMPTY_BODY = YES;
				CLANG_WARN_ENUM_CONVERSION = YES;
				CLANG_WARN_INFINITE_RECURSION = YES;
				CLANG_WARN_INT_CONVERSION = YES;
				CLANG_WARN_NON_LITERAL_NULL_CONVERSION = YES;
				CLANG_WARN_OBJC_IMPLICIT_RETAIN_SELF = YES;
				CLANG_WARN_OBJC_LITERAL_CONVERSION = YES;
				CLANG_WARN_OBJC_ROOT_CLASS = YES_ERROR;
				CLANG_WARN_RANGE_LOOP_ANALYSIS = YES;
				CLANG_WARN_STRICT_PROTOTYPES = YES;
				CLANG_WARN_SUSPICIOUS_MOVE = YES;
				CLANG_WARN_UNGUARDED_AVAILABILITY = YES_AGGRESSIVE;
				CLANG_WARN_UNREACHABLE_CODE = YES;
				CLANG_WARN__DUPLICATE_METHOD_MATCH = YES;
				COPY_PHASE_STRIP = NO;
				DEBUG_INFORMATION_FORMAT = "dwarf-with-dsym";
				ENABLE_NS_ASSERTIONS = NO;
				ENABLE_STRICT_OBJC_MSGSEND = YES;
				GCC_C_LANGUAGE_STANDARD = gnu11;
				GCC_NO_COMMON_BLOCKS = YES;
				GCC_WARN_64_TO_32_BIT_CONVERSION = YES;
				GCC_WARN_ABOUT_RETURN_TYPE = YES_ERROR;
				GCC_WARN_UNDECLARED_SELECTOR = YES;
				GCC_WARN_UNINITIALIZED_AUTOS = YES_AGGRESSIVE;
				GCC_WARN_UNUSED_FUNCTION = YES;
				GCC_WARN_UNUSED_VARIABLE = YES;
				IPHONEOS_DEPLOYMENT_TARGET = 13.6;
				MTL_ENABLE_DEBUG_INFO = NO;
				MTL_FAST_MATH = YES;
				SDKROOT = iphoneos;
				SWIFT_COMPILATION_MODE = wholemodule;
				SWIFT_OPTIMIZATION_LEVEL = "-O";
				VALIDATE_PRODUCT = YES;
			};
			name = Release;
		};
		FF904E2224EB946C00DC0DE0 /* Debug */ = {
			isa = XCBuildConfiguration;
			buildSettings = {
				ASSETCATALOG_COMPILER_APPICON_NAME = AppIcon;
				CODE_SIGN_STYLE = Automatic;
				DEVELOPMENT_TEAM = XP5D88GJTA;
				INFOPLIST_FILE = kadai05/Info.plist;
				LD_RUNPATH_SEARCH_PATHS = (
					"$(inherited)",
					"@executable_path/Frameworks",
				);
				PRODUCT_BUNDLE_IDENTIFIER = com.shinonome.playground.kadai05;
				PRODUCT_NAME = "$(TARGET_NAME)";
				SWIFT_VERSION = 5.0;
				TARGETED_DEVICE_FAMILY = "1,2";
			};
			name = Debug;
		};
		FF904E2324EB946C00DC0DE0 /* Release */ = {
			isa = XCBuildConfiguration;
			buildSettings = {
				ASSETCATALOG_COMPILER_APPICON_NAME = AppIcon;
				CODE_SIGN_STYLE = Automatic;
				DEVELOPMENT_TEAM = XP5D88GJTA;
				INFOPLIST_FILE = kadai05/Info.plist;
				LD_RUNPATH_SEARCH_PATHS = (
					"$(inherited)",
					"@executable_path/Frameworks",
				);
				PRODUCT_BUNDLE_IDENTIFIER = com.shinonome.playground.kadai05;
				PRODUCT_NAME = "$(TARGET_NAME)";
				SWIFT_VERSION = 5.0;
				TARGETED_DEVICE_FAMILY = "1,2";
			};
			name = Release;
		};
		FF904E2524EB946C00DC0DE0 /* Debug */ = {
			isa = XCBuildConfiguration;
			buildSettings = {
				ALWAYS_EMBED_SWIFT_STANDARD_LIBRARIES = YES;
				BUNDLE_LOADER = "$(TEST_HOST)";
				CODE_SIGN_STYLE = Automatic;
				INFOPLIST_FILE = kadai05Tests/Info.plist;
				IPHONEOS_DEPLOYMENT_TARGET = 13.6;
				LD_RUNPATH_SEARCH_PATHS = (
					"$(inherited)",
					"@executable_path/Frameworks",
					"@loader_path/Frameworks",
				);
				PRODUCT_BUNDLE_IDENTIFIER = com.shinonome.playground.kadai05Tests;
				PRODUCT_NAME = "$(TARGET_NAME)";
				SWIFT_VERSION = 5.0;
				TARGETED_DEVICE_FAMILY = "1,2";
				TEST_HOST = "$(BUILT_PRODUCTS_DIR)/kadai05.app/kadai05";
			};
			name = Debug;
		};
		FF904E2624EB946C00DC0DE0 /* Release */ = {
			isa = XCBuildConfiguration;
			buildSettings = {
				ALWAYS_EMBED_SWIFT_STANDARD_LIBRARIES = YES;
				BUNDLE_LOADER = "$(TEST_HOST)";
				CODE_SIGN_STYLE = Automatic;
				INFOPLIST_FILE = kadai05Tests/Info.plist;
				IPHONEOS_DEPLOYMENT_TARGET = 13.6;
				LD_RUNPATH_SEARCH_PATHS = (
					"$(inherited)",
					"@executable_path/Frameworks",
					"@loader_path/Frameworks",
				);
				PRODUCT_BUNDLE_IDENTIFIER = com.shinonome.playground.kadai05Tests;
				PRODUCT_NAME = "$(TARGET_NAME)";
				SWIFT_VERSION = 5.0;
				TARGETED_DEVICE_FAMILY = "1,2";
				TEST_HOST = "$(BUILT_PRODUCTS_DIR)/kadai05.app/kadai05";
			};
			name = Release;
		};
		FF904E2824EB946C00DC0DE0 /* Debug */ = {
			isa = XCBuildConfiguration;
			buildSettings = {
				ALWAYS_EMBED_SWIFT_STANDARD_LIBRARIES = YES;
				CODE_SIGN_STYLE = Automatic;
				INFOPLIST_FILE = kadai05UITests/Info.plist;
				LD_RUNPATH_SEARCH_PATHS = (
					"$(inherited)",
					"@executable_path/Frameworks",
					"@loader_path/Frameworks",
				);
				PRODUCT_BUNDLE_IDENTIFIER = com.shinonome.playground.kadai05UITests;
				PRODUCT_NAME = "$(TARGET_NAME)";
				SWIFT_VERSION = 5.0;
				TARGETED_DEVICE_FAMILY = "1,2";
				TEST_TARGET_NAME = kadai05;
			};
			name = Debug;
		};
		FF904E2924EB946C00DC0DE0 /* Release */ = {
			isa = XCBuildConfiguration;
			buildSettings = {
				ALWAYS_EMBED_SWIFT_STANDARD_LIBRARIES = YES;
				CODE_SIGN_STYLE = Automatic;
				INFOPLIST_FILE = kadai05UITests/Info.plist;
				LD_RUNPATH_SEARCH_PATHS = (
					"$(inherited)",
					"@executable_path/Frameworks",
					"@loader_path/Frameworks",
				);
				PRODUCT_BUNDLE_IDENTIFIER = com.shinonome.playground.kadai05UITests;
				PRODUCT_NAME = "$(TARGET_NAME)";
				SWIFT_VERSION = 5.0;
				TARGETED_DEVICE_FAMILY = "1,2";
				TEST_TARGET_NAME = kadai05;
			};
			name = Release;
		};
/* End XCBuildConfiguration section */

/* Begin XCConfigurationList section */
		FF904DF224EB946B00DC0DE0 /* Build configuration list for PBXProject "kadai05" */ = {
			isa = XCConfigurationList;
			buildConfigurations = (
				FF904E1F24EB946C00DC0DE0 /* Debug */,
				FF904E2024EB946C00DC0DE0 /* Release */,
			);
			defaultConfigurationIsVisible = 0;
			defaultConfigurationName = Release;
		};
		FF904E2124EB946C00DC0DE0 /* Build configuration list for PBXNativeTarget "kadai05" */ = {
			isa = XCConfigurationList;
			buildConfigurations = (
				FF904E2224EB946C00DC0DE0 /* Debug */,
				FF904E2324EB946C00DC0DE0 /* Release */,
			);
			defaultConfigurationIsVisible = 0;
			defaultConfigurationName = Release;
		};
		FF904E2424EB946C00DC0DE0 /* Build configuration list for PBXNativeTarget "kadai05Tests" */ = {
			isa = XCConfigurationList;
			buildConfigurations = (
				FF904E2524EB946C00DC0DE0 /* Debug */,
				FF904E2624EB946C00DC0DE0 /* Release */,
			);
			defaultConfigurationIsVisible = 0;
			defaultConfigurationName = Release;
		};
		FF904E2724EB946C00DC0DE0 /* Build configuration list for PBXNativeTarget "kadai05UITests" */ = {
			isa = XCConfigurationList;
			buildConfigurations = (
				FF904E2824EB946C00DC0DE0 /* Debug */,
				FF904E2924EB946C00DC0DE0 /* Release */,
			);
			defaultConfigurationIsVisible = 0;
			defaultConfigurationName = Release;
		};
/* End XCConfigurationList section */
	};
	rootObject = FF904DEF24EB946B00DC0DE0 /* Project object */;
}
